// !$*UTF8*$!
{
	archiveVersion = 1;
	classes = {
	};
	objectVersion = 46;
	objects = {

/* Begin PBXBuildFile section */
		47DB015216A19576004F2F58 /* bar-background.png in Resources */ = {isa = PBXBuildFile; fileRef = 47DB014716A19576004F2F58 /* bar-background.png */; };
		47DB015316A19576004F2F58 /* bar-background@2x.png in Resources */ = {isa = PBXBuildFile; fileRef = 47DB014816A19576004F2F58 /* bar-background@2x.png */; };
		47DB015416A19576004F2F58 /* bar-highlight.png in Resources */ = {isa = PBXBuildFile; fileRef = 47DB014916A19576004F2F58 /* bar-highlight.png */; };
		47DB015516A19576004F2F58 /* bar-highlight@2x.png in Resources */ = {isa = PBXBuildFile; fileRef = 47DB014A16A19576004F2F58 /* bar-highlight@2x.png */; };
		47DB015616A19576004F2F58 /* Color Palette by Color Scheme Generator.html in Resources */ = {isa = PBXBuildFile; fileRef = 47DB014B16A19576004F2F58 /* Color Palette by Color Scheme Generator.html */; };
		47DB015716A19576004F2F58 /* colour palatte xml file.xml in Resources */ = {isa = PBXBuildFile; fileRef = 47DB014C16A19576004F2F58 /* colour palatte xml file.xml */; };
		47DB015816A19576004F2F58 /* handle-hover.png in Resources */ = {isa = PBXBuildFile; fileRef = 47DB014D16A19576004F2F58 /* handle-hover.png */; };
		47DB015916A19576004F2F58 /* handle-hover@2x.png in Resources */ = {isa = PBXBuildFile; fileRef = 47DB014E16A19576004F2F58 /* handle-hover@2x.png */; };
		47DB015A16A19576004F2F58 /* handle.png in Resources */ = {isa = PBXBuildFile; fileRef = 47DB014F16A19576004F2F58 /* handle.png */; };
		47DB015B16A19576004F2F58 /* handle@2x.png in Resources */ = {isa = PBXBuildFile; fileRef = 47DB015016A19576004F2F58 /* handle@2x.png */; };
		47DB015C16A19576004F2F58 /* mypalette for photoshop.aco in Resources */ = {isa = PBXBuildFile; fileRef = 47DB015116A19576004F2F58 /* mypalette for photoshop.aco */; };
		47DB015F16A1A1DB004F2F58 /* BeforeYouMakeASound.mp3 in Resources */ = {isa = PBXBuildFile; fileRef = 47DB015E16A1A1DB004F2F58 /* BeforeYouMakeASound.mp3 */; };
		47DDB5C6169ED414000A9A2B /* logo 200 px.jpg in Resources */ = {isa = PBXBuildFile; fileRef = 47DDB5C5169ED414000A9A2B /* logo 200 px.jpg */; };
		47DDB5C8169ED434000A9A2B /* IMG_3404.JPG in Resources */ = {isa = PBXBuildFile; fileRef = 47DDB5C7169ED434000A9A2B /* IMG_3404.JPG */; };
		47DDB5D9169ED53D000A9A2B /* 01welcome.html in Resources */ = {isa = PBXBuildFile; fileRef = 47DDB5D6169ED53D000A9A2B /* 01welcome.html */; };
		47DDB5DA169ED53D000A9A2B /* 02whatisbeinginvoice.htm in Resources */ = {isa = PBXBuildFile; fileRef = 47DDB5D7169ED53D000A9A2B /* 02whatisbeinginvoice.htm */; };
		47DDB5DB169ED53D000A9A2B /* 03whywarmup.htm in Resources */ = {isa = PBXBuildFile; fileRef = 47DDB5D8169ED53D000A9A2B /* 03whywarmup.htm */; };
		47DDB5E7169ED5B1000A9A2B /* intro text.htm in Resources */ = {isa = PBXBuildFile; fileRef = 47DDB5E4169ED5B1000A9A2B /* intro text.htm */; };
		47DDB5E8169ED5B1000A9A2B /* moveeasy.htm in Resources */ = {isa = PBXBuildFile; fileRef = 47DDB5E5169ED5B1000A9A2B /* moveeasy.htm */; };
		47DDB5E9169ED5B1000A9A2B /* standeasy.htm in Resources */ = {isa = PBXBuildFile; fileRef = 47DDB5E6169ED5B1000A9A2B /* standeasy.htm */; };
		47DDB5EB169ED5C1000A9A2B /* BeforeYouMakeASound.htm in Resources */ = {isa = PBXBuildFile; fileRef = 47DDB5EA169ED5C1000A9A2B /* BeforeYouMakeASound.htm */; };
		47DDB5F0169ED5EF000A9A2B /* 03BeinginBodytext.htm in Resources */ = {isa = PBXBuildFile; fileRef = 47DDB5ED169ED5EF000A9A2B /* 03BeinginBodytext.htm */; };
		47DDB5F1169ED5EF000A9A2B /* 04posturetext.htm in Resources */ = {isa = PBXBuildFile; fileRef = 47DDB5EE169ED5EF000A9A2B /* 04posturetext.htm */; };
		47DDB5F2169ED5EF000A9A2B /* 05rollingspinetext.htm in Resources */ = {isa = PBXBuildFile; fileRef = 47DDB5EF169ED5EF000A9A2B /* 05rollingspinetext.htm */; };
		47DDB5F6169ED614000A9A2B /* Breath Exercises Text.htm in Resources */ = {isa = PBXBuildFile; fileRef = 47DDB5F3169ED614000A9A2B /* Breath Exercises Text.htm */; };
		47DDB5F7169ED614000A9A2B /* breatheeasy.htm in Resources */ = {isa = PBXBuildFile; fileRef = 47DDB5F4169ED614000A9A2B /* breatheeasy.htm */; };
		47DDB5F8169ED614000A9A2B /* breathex.htm in Resources */ = {isa = PBXBuildFile; fileRef = 47DDB5F5169ED614000A9A2B /* breathex.htm */; };
		47DDB605169ED65B000A9A2B /* 08howtousemvw.htm in Resources */ = {isa = PBXBuildFile; fileRef = 47DDB5F9169ED65B000A9A2B /* 08howtousemvw.htm */; };
		47DDB606169ED65B000A9A2B /* 09Sigh.htm in Resources */ = {isa = PBXBuildFile; fileRef = 47DDB5FA169ED65B000A9A2B /* 09Sigh.htm */; };
		47DDB607169ED65B000A9A2B /* 10sighingah.htm in Resources */ = {isa = PBXBuildFile; fileRef = 47DDB5FB169ED65B000A9A2B /* 10sighingah.htm */; };
		47DDB608169ED65B000A9A2B /* 11hum.htm in Resources */ = {isa = PBXBuildFile; fileRef = 47DDB5FC169ED65B000A9A2B /* 11hum.htm */; };
		47DDB609169ED65B000A9A2B /* 12FastAscendingTrill.htm in Resources */ = {isa = PBXBuildFile; fileRef = 47DDB5FD169ED65B000A9A2B /* 12FastAscendingTrill.htm */; };
		47DDB60A169ED65B000A9A2B /* 13FastDescendingTrill.htm in Resources */ = {isa = PBXBuildFile; fileRef = 47DDB5FE169ED65B000A9A2B /* 13FastDescendingTrill.htm */; };
		47DDB60B169ED65B000A9A2B /* 14voicedah.htm in Resources */ = {isa = PBXBuildFile; fileRef = 47DDB5FF169ED65B000A9A2B /* 14voicedah.htm */; };
		47DDB60C169ED65B000A9A2B /* 15 warmupnowwithFlloyd.htm in Resources */ = {isa = PBXBuildFile; fileRef = 47DDB600169ED65B000A9A2B /* 15 warmupnowwithFlloyd.htm */; };
		47DDB60D169ED65B000A9A2B /* 16 warmupnowwithRod.htm in Resources */ = {isa = PBXBuildFile; fileRef = 47DDB601169ED65B000A9A2B /* 16 warmupnowwithRod.htm */; };
		47DDB60E169ED65B000A9A2B /* FastAscendingTrilltext.htm in Resources */ = {isa = PBXBuildFile; fileRef = 47DDB602169ED65B000A9A2B /* FastAscendingTrilltext.htm */; };
		47DDB60F169ED65B000A9A2B /* Humtext.htm in Resources */ = {isa = PBXBuildFile; fileRef = 47DDB603169ED65B000A9A2B /* Humtext.htm */; };
		47DDB610169ED65B000A9A2B /* voicedahtext.htm in Resources */ = {isa = PBXBuildFile; fileRef = 47DDB604169ED65B000A9A2B /* voicedahtext.htm */; };
		47DDB618169ED689000A9A2B /* 17vocalmaintenanceprogram.htm in Resources */ = {isa = PBXBuildFile; fileRef = 47DDB611169ED689000A9A2B /* 17vocalmaintenanceprogram.htm */; };
		47DDB619169ED689000A9A2B /* 18Resonance.htm in Resources */ = {isa = PBXBuildFile; fileRef = 47DDB612169ED689000A9A2B /* 18Resonance.htm */; };
		47DDB61A169ED689000A9A2B /* 19articulation.htm in Resources */ = {isa = PBXBuildFile; fileRef = 47DDB613169ED689000A9A2B /* 19articulation.htm */; };
		47DDB61B169ED689000A9A2B /* 20finishwithfocus.htm in Resources */ = {isa = PBXBuildFile; fileRef = 47DDB614169ED689000A9A2B /* 20finishwithfocus.htm */; };
		47DDB61C169ED689000A9A2B /* articulationtext.htm in Resources */ = {isa = PBXBuildFile; fileRef = 47DDB615169ED689000A9A2B /* articulationtext.htm */; };
		47DDB61D169ED689000A9A2B /* finishwithfocus.htm in Resources */ = {isa = PBXBuildFile; fileRef = 47DDB616169ED689000A9A2B /* finishwithfocus.htm */; };
		47DDB61E169ED689000A9A2B /* finishwithfocustxt.htm in Resources */ = {isa = PBXBuildFile; fileRef = 47DDB617169ED689000A9A2B /* finishwithfocustxt.htm */; };
		47DDB623169ED6A8000A9A2B /* 1voicematters.htm in Resources */ = {isa = PBXBuildFile; fileRef = 47DDB61F169ED6A8000A9A2B /* 1voicematters.htm */; };
		47DDB624169ED6A8000A9A2B /* 2HowBreathWorks.htm in Resources */ = {isa = PBXBuildFile; fileRef = 47DDB620169ED6A8000A9A2B /* 2HowBreathWorks.htm */; };
		47DDB625169ED6A8000A9A2B /* 3howvoiceworks.htm in Resources */ = {isa = PBXBuildFile; fileRef = 47DDB621169ED6A8000A9A2B /* 3howvoiceworks.htm */; };
		47DDB626169ED6A8000A9A2B /* 4howspeechworks.htm in Resources */ = {isa = PBXBuildFile; fileRef = 47DDB622169ED6A8000A9A2B /* 4howspeechworks.htm */; };
		47DDB628169ED777000A9A2B /* aboutthisapp.htm in Resources */ = {isa = PBXBuildFile; fileRef = 47DDB627169ED777000A9A2B /* aboutthisapp.htm */; };
		47DDB62A169ED78A000A9A2B /* aboutbeinginvoice.htm in Resources */ = {isa = PBXBuildFile; fileRef = 47DDB629169ED78A000A9A2B /* aboutbeinginvoice.htm */; };
		47DDB62C169ED79B000A9A2B /* privacypolicy.htm in Resources */ = {isa = PBXBuildFile; fileRef = 47DDB62B169ED79B000A9A2B /* privacypolicy.htm */; };
		47DDB62E169EE507000A9A2B /* FastAscendingLipTrill.MP3 in Resources */ = {isa = PBXBuildFile; fileRef = 47DDB62D169EE507000A9A2B /* FastAscendingLipTrill.MP3 */; };
		47DF7549169839990054B51C /* AudioToolbox.framework in Frameworks */ = {isa = PBXBuildFile; fileRef = 47DF7548169839990054B51C /* AudioToolbox.framework */; };
		47DF75591698501F0054B51C /* forward.png in Resources */ = {isa = PBXBuildFile; fileRef = 47DF75511698501E0054B51C /* forward.png */; };
		47DF755A1698501F0054B51C /* pause.png in Resources */ = {isa = PBXBuildFile; fileRef = 47DF75521698501E0054B51C /* pause.png */; };
		47DF755B1698501F0054B51C /* play.png in Resources */ = {isa = PBXBuildFile; fileRef = 47DF75531698501F0054B51C /* play.png */; };
		47DF755C1698501F0054B51C /* rewind.png in Resources */ = {isa = PBXBuildFile; fileRef = 47DF75541698501F0054B51C /* rewind.png */; };
		47DF755D1698501F0054B51C /* sound_meter_background.png in Resources */ = {isa = PBXBuildFile; fileRef = 47DF75551698501F0054B51C /* sound_meter_background.png */; };
		47DF755E1698501F0054B51C /* sound_meter_glare.png in Resources */ = {isa = PBXBuildFile; fileRef = 47DF75561698501F0054B51C /* sound_meter_glare.png */; };
		47DF755F1698501F0054B51C /* volume_down.png in Resources */ = {isa = PBXBuildFile; fileRef = 47DF75571698501F0054B51C /* volume_down.png */; };
		47DF75601698501F0054B51C /* volume_up.png in Resources */ = {isa = PBXBuildFile; fileRef = 47DF75581698501F0054B51C /* volume_up.png */; };
		47DF7569169910F90054B51C /* UIAudioControl.m in Sources */ = {isa = PBXBuildFile; fileRef = 47DF7568169910F90054B51C /* UIAudioControl.m */; };
		47DF756B16994A740054B51C /* QuartzCore.framework in Frameworks */ = {isa = PBXBuildFile; fileRef = 47DF756A16994A730054B51C /* QuartzCore.framework */; };
		47DFC6841692D5F7002856B8 /* UIKit.framework in Frameworks */ = {isa = PBXBuildFile; fileRef = 47DFC6831692D5F7002856B8 /* UIKit.framework */; };
		47DFC6861692D5F7002856B8 /* Foundation.framework in Frameworks */ = {isa = PBXBuildFile; fileRef = 47DFC6851692D5F7002856B8 /* Foundation.framework */; };
		47DFC6881692D5F7002856B8 /* CoreGraphics.framework in Frameworks */ = {isa = PBXBuildFile; fileRef = 47DFC6871692D5F7002856B8 /* CoreGraphics.framework */; };
		47DFC68E1692D5F7002856B8 /* InfoPlist.strings in Resources */ = {isa = PBXBuildFile; fileRef = 47DFC68C1692D5F7002856B8 /* InfoPlist.strings */; };
		47DFC6901692D5F7002856B8 /* main.m in Sources */ = {isa = PBXBuildFile; fileRef = 47DFC68F1692D5F7002856B8 /* main.m */; };
		47DFC6941692D5F7002856B8 /* voiceAppDelegate.m in Sources */ = {isa = PBXBuildFile; fileRef = 47DFC6931692D5F7002856B8 /* voiceAppDelegate.m */; };
		47DFC6961692D5F7002856B8 /* Default.png in Resources */ = {isa = PBXBuildFile; fileRef = 47DFC6951692D5F7002856B8 /* Default.png */; };
		47DFC6981692D5F7002856B8 /* Default@2x.png in Resources */ = {isa = PBXBuildFile; fileRef = 47DFC6971692D5F7002856B8 /* Default@2x.png */; };
		47DFC69A1692D5F7002856B8 /* Default-568h@2x.png in Resources */ = {isa = PBXBuildFile; fileRef = 47DFC6991692D5F7002856B8 /* Default-568h@2x.png */; };
		47DFC69D1692D5F7002856B8 /* MainStoryboard_iPhone.storyboard in Resources */ = {isa = PBXBuildFile; fileRef = 47DFC69B1692D5F7002856B8 /* MainStoryboard_iPhone.storyboard */; };
		47DFC6A01692D5F7002856B8 /* MainStoryboard_iPad.storyboard in Resources */ = {isa = PBXBuildFile; fileRef = 47DFC69E1692D5F7002856B8 /* MainStoryboard_iPad.storyboard */; };
		47DFC6A31692D5F7002856B8 /* voiceMasterViewController.m in Sources */ = {isa = PBXBuildFile; fileRef = 47DFC6A21692D5F7002856B8 /* voiceMasterViewController.m */; };
		47DFC6A61692D5F7002856B8 /* voiceDetailViewController.m in Sources */ = {isa = PBXBuildFile; fileRef = 47DFC6A51692D5F7002856B8 /* voiceDetailViewController.m */; };
		47DFC6AE1692E246002856B8 /* HtmlArticle.m in Sources */ = {isa = PBXBuildFile; fileRef = 47DFC6AD1692E246002856B8 /* HtmlArticle.m */; };
		47DFC6B41692E4BF002856B8 /* voiceDataController.m in Sources */ = {isa = PBXBuildFile; fileRef = 47DFC6B31692E4BF002856B8 /* voiceDataController.m */; };
		47E04BAA169803630067A08B /* test.htm in Resources */ = {isa = PBXBuildFile; fileRef = 47E04BA9169803620067A08B /* test.htm */; };
		47E04BBF169806FA0067A08B /* alignment.mp3 in Resources */ = {isa = PBXBuildFile; fileRef = 47E04BAE169806FA0067A08B /* alignment.mp3 */; };
		47E04BC0169806FA0067A08B /* bibexercise.mp3 in Resources */ = {isa = PBXBuildFile; fileRef = 47E04BAF169806FA0067A08B /* bibexercise.mp3 */; };
		47E04BC1169806FA0067A08B /* bibintro.mp3 in Resources */ = {isa = PBXBuildFile; fileRef = 47E04BB0169806FA0067A08B /* bibintro.mp3 */; };
		47E04BC2169806FA0067A08B /* Breath.mp3 in Resources */ = {isa = PBXBuildFile; fileRef = 47E04BB1169806FA0067A08B /* Breath.mp3 */; };
		47E04BC3169806FA0067A08B /* CompleteMVW.mp3 in Resources */ = {isa = PBXBuildFile; fileRef = 47E04BB2169806FA0067A08B /* CompleteMVW.mp3 */; };
		47E04BC4169806FA0067A08B /* Hum.mp3 in Resources */ = {isa = PBXBuildFile; fileRef = 47E04BB3169806FA0067A08B /* Hum.mp3 */; };
		47E04BC5169806FA0067A08B /* introducingmvw.mp3 in Resources */ = {isa = PBXBuildFile; fileRef = 47E04BB4169806FA0067A08B /* introducingmvw.mp3 */; };
		47E04BC6169806FA0067A08B /* MVW.mp3 in Resources */ = {isa = PBXBuildFile; fileRef = 47E04BB5169806FA0067A08B /* MVW.mp3 */; };
		47E04BC7169806FA0067A08B /* RollDown.mp3 in Resources */ = {isa = PBXBuildFile; fileRef = 47E04BB6169806FA0067A08B /* RollDown.mp3 */; };
		47E04BC8169806FA0067A08B /* Sigh.mp3 in Resources */ = {isa = PBXBuildFile; fileRef = 47E04BB7169806FA0067A08B /* Sigh.mp3 */; };
		47E04BC9169806FA0067A08B /* SighAh.mp3 in Resources */ = {isa = PBXBuildFile; fileRef = 47E04BB8169806FA0067A08B /* SighAh.mp3 */; };
		47E04BCA169806FA0067A08B /* thats my idea.mp3 in Resources */ = {isa = PBXBuildFile; fileRef = 47E04BB9169806FA0067A08B /* thats my idea.mp3 */; };
		47E04BCB169806FA0067A08B /* TrillDown.mp3 in Resources */ = {isa = PBXBuildFile; fileRef = 47E04BBA169806FA0067A08B /* TrillDown.mp3 */; };
		47E04BCC169806FA0067A08B /* TrillUp.mp3 in Resources */ = {isa = PBXBuildFile; fileRef = 47E04BBB169806FA0067A08B /* TrillUp.mp3 */; };
		47E04BCD169806FA0067A08B /* Vocal Maintenance.mp3 in Resources */ = {isa = PBXBuildFile; fileRef = 47E04BBC169806FA0067A08B /* Vocal Maintenance.mp3 */; };
		47E04BCE169806FA0067A08B /* VoicedAh.mp3 in Resources */ = {isa = PBXBuildFile; fileRef = 47E04BBD169806FA0067A08B /* VoicedAh.mp3 */; };
		47E04BCF169806FA0067A08B /* whatismvw.mp3 in Resources */ = {isa = PBXBuildFile; fileRef = 47E04BBE169806FA0067A08B /* whatismvw.mp3 */; };
		47E04BD11698095D0067A08B /* AVFoundation.framework in Frameworks */ = {isa = PBXBuildFile; fileRef = 47E04BD01698095D0067A08B /* AVFoundation.framework */; };
/* End PBXBuildFile section */

/* Begin PBXFileReference section */
		47DB014716A19576004F2F58 /* bar-background.png */ = {isa = PBXFileReference; lastKnownFileType = image.png; name = "bar-background.png"; path = "VoiceApp/images/bar-background.png"; sourceTree = "<group>"; };
		47DB014816A19576004F2F58 /* bar-background@2x.png */ = {isa = PBXFileReference; lastKnownFileType = image.png; name = "bar-background@2x.png"; path = "VoiceApp/images/bar-background@2x.png"; sourceTree = "<group>"; };
		47DB014916A19576004F2F58 /* bar-highlight.png */ = {isa = PBXFileReference; lastKnownFileType = image.png; name = "bar-highlight.png"; path = "VoiceApp/images/bar-highlight.png"; sourceTree = "<group>"; };
		47DB014A16A19576004F2F58 /* bar-highlight@2x.png */ = {isa = PBXFileReference; lastKnownFileType = image.png; name = "bar-highlight@2x.png"; path = "VoiceApp/images/bar-highlight@2x.png"; sourceTree = "<group>"; };
		47DB014B16A19576004F2F58 /* Color Palette by Color Scheme Generator.html */ = {isa = PBXFileReference; fileEncoding = 4; lastKnownFileType = text.html; name = "Color Palette by Color Scheme Generator.html"; path = "VoiceApp/images/Color Palette by Color Scheme Generator.html"; sourceTree = "<group>"; };
		47DB014C16A19576004F2F58 /* colour palatte xml file.xml */ = {isa = PBXFileReference; fileEncoding = 4; lastKnownFileType = text.xml; name = "colour palatte xml file.xml"; path = "VoiceApp/images/colour palatte xml file.xml"; sourceTree = "<group>"; };
		47DB014D16A19576004F2F58 /* handle-hover.png */ = {isa = PBXFileReference; lastKnownFileType = image.png; name = "handle-hover.png"; path = "VoiceApp/images/handle-hover.png"; sourceTree = "<group>"; };
		47DB014E16A19576004F2F58 /* handle-hover@2x.png */ = {isa = PBXFileReference; lastKnownFileType = image.png; name = "handle-hover@2x.png"; path = "VoiceApp/images/handle-hover@2x.png"; sourceTree = "<group>"; };
		47DB014F16A19576004F2F58 /* handle.png */ = {isa = PBXFileReference; lastKnownFileType = image.png; name = handle.png; path = VoiceApp/images/handle.png; sourceTree = "<group>"; };
		47DB015016A19576004F2F58 /* handle@2x.png */ = {isa = PBXFileReference; lastKnownFileType = image.png; name = "handle@2x.png"; path = "VoiceApp/images/handle@2x.png"; sourceTree = "<group>"; };
		47DB015116A19576004F2F58 /* mypalette for photoshop.aco */ = {isa = PBXFileReference; lastKnownFileType = file; name = "mypalette for photoshop.aco"; path = "VoiceApp/images/mypalette for photoshop.aco"; sourceTree = "<group>"; };
		47DB015E16A1A1DB004F2F58 /* BeforeYouMakeASound.mp3 */ = {isa = PBXFileReference; lastKnownFileType = audio.mp3; name = BeforeYouMakeASound.mp3; path = "new recordings/BeforeYouMakeASound.mp3"; sourceTree = "<group>"; };
		47DDB5C5169ED414000A9A2B /* logo 200 px.jpg */ = {isa = PBXFileReference; lastKnownFileType = image.jpeg; name = "logo 200 px.jpg"; path = "../../Pictures/iPhoto Library/Masters/2011/05/27/20110527-104832/logo 200 px.jpg"; sourceTree = "<group>"; };
		47DDB5C7169ED434000A9A2B /* IMG_3404.JPG */ = {isa = PBXFileReference; lastKnownFileType = image.jpeg; name = IMG_3404.JPG; path = "../../Pictures/iPhoto Library/Previews/2012/06/19/20120619-151606/CNXhQDXlTPiTLF4vV2KmQg/IMG_3404.JPG"; sourceTree = "<group>"; };
		47DDB5D6169ED53D000A9A2B /* 01welcome.html */ = {isa = PBXFileReference; fileEncoding = 4; lastKnownFileType = text.html; name = 01welcome.html; path = VoiceApp/html/01Welcome/01welcome.html; sourceTree = SOURCE_ROOT; };
		47DDB5D7169ED53D000A9A2B /* 02whatisbeinginvoice.htm */ = {isa = PBXFileReference; fileEncoding = 4; lastKnownFileType = text.html; name = 02whatisbeinginvoice.htm; path = VoiceApp/html/01Welcome/02whatisbeinginvoice.htm; sourceTree = SOURCE_ROOT; };
		47DDB5D8169ED53D000A9A2B /* 03whywarmup.htm */ = {isa = PBXFileReference; fileEncoding = 4; lastKnownFileType = text.html; name = 03whywarmup.htm; path = VoiceApp/html/01Welcome/03whywarmup.htm; sourceTree = SOURCE_ROOT; };
		47DDB5E4169ED5B1000A9A2B /* intro text.htm */ = {isa = PBXFileReference; fileEncoding = 4; lastKnownFileType = text.html; path = "intro text.htm"; sourceTree = "<group>"; };
		47DDB5E5169ED5B1000A9A2B /* moveeasy.htm */ = {isa = PBXFileReference; fileEncoding = 4; lastKnownFileType = text.html; path = moveeasy.htm; sourceTree = "<group>"; };
		47DDB5E6169ED5B1000A9A2B /* standeasy.htm */ = {isa = PBXFileReference; fileEncoding = 4; lastKnownFileType = text.html; path = standeasy.htm; sourceTree = "<group>"; };
		47DDB5EA169ED5C1000A9A2B /* BeforeYouMakeASound.htm */ = {isa = PBXFileReference; fileEncoding = 4; lastKnownFileType = text.html; path = BeforeYouMakeASound.htm; sourceTree = "<group>"; };
		47DDB5ED169ED5EF000A9A2B /* 03BeinginBodytext.htm */ = {isa = PBXFileReference; fileEncoding = 4; lastKnownFileType = text.html; path = 03BeinginBodytext.htm; sourceTree = "<group>"; };
		47DDB5EE169ED5EF000A9A2B /* 04posturetext.htm */ = {isa = PBXFileReference; fileEncoding = 4; lastKnownFileType = text.html; path = 04posturetext.htm; sourceTree = "<group>"; };
		47DDB5EF169ED5EF000A9A2B /* 05rollingspinetext.htm */ = {isa = PBXFileReference; fileEncoding = 4; lastKnownFileType = text.html; path = 05rollingspinetext.htm; sourceTree = "<group>"; };
		47DDB5F3169ED614000A9A2B /* Breath Exercises Text.htm */ = {isa = PBXFileReference; fileEncoding = 4; lastKnownFileType = text.html; path = "Breath Exercises Text.htm"; sourceTree = "<group>"; };
		47DDB5F4169ED614000A9A2B /* breatheeasy.htm */ = {isa = PBXFileReference; fileEncoding = 4; lastKnownFileType = text.html; path = breatheeasy.htm; sourceTree = "<group>"; };
		47DDB5F5169ED614000A9A2B /* breathex.htm */ = {isa = PBXFileReference; fileEncoding = 4; lastKnownFileType = text.html; path = breathex.htm; sourceTree = "<group>"; };
		47DDB5F9169ED65B000A9A2B /* 08howtousemvw.htm */ = {isa = PBXFileReference; fileEncoding = 4; lastKnownFileType = text.html; path = 08howtousemvw.htm; sourceTree = "<group>"; };
		47DDB5FA169ED65B000A9A2B /* 09Sigh.htm */ = {isa = PBXFileReference; fileEncoding = 4; lastKnownFileType = text.html; path = 09Sigh.htm; sourceTree = "<group>"; };
		47DDB5FB169ED65B000A9A2B /* 10sighingah.htm */ = {isa = PBXFileReference; fileEncoding = 4; lastKnownFileType = text.html; path = 10sighingah.htm; sourceTree = "<group>"; };
		47DDB5FC169ED65B000A9A2B /* 11hum.htm */ = {isa = PBXFileReference; fileEncoding = 4; lastKnownFileType = text.html; path = 11hum.htm; sourceTree = "<group>"; };
		47DDB5FD169ED65B000A9A2B /* 12FastAscendingTrill.htm */ = {isa = PBXFileReference; fileEncoding = 4; lastKnownFileType = text.html; path = 12FastAscendingTrill.htm; sourceTree = "<group>"; };
		47DDB5FE169ED65B000A9A2B /* 13FastDescendingTrill.htm */ = {isa = PBXFileReference; fileEncoding = 4; lastKnownFileType = text.html; path = 13FastDescendingTrill.htm; sourceTree = "<group>"; };
		47DDB5FF169ED65B000A9A2B /* 14voicedah.htm */ = {isa = PBXFileReference; fileEncoding = 4; lastKnownFileType = text.html; path = 14voicedah.htm; sourceTree = "<group>"; };
		47DDB600169ED65B000A9A2B /* 15 warmupnowwithFlloyd.htm */ = {isa = PBXFileReference; fileEncoding = 4; lastKnownFileType = text.html; path = "15 warmupnowwithFlloyd.htm"; sourceTree = "<group>"; };
		47DDB601169ED65B000A9A2B /* 16 warmupnowwithRod.htm */ = {isa = PBXFileReference; fileEncoding = 4; lastKnownFileType = text.html; path = "16 warmupnowwithRod.htm"; sourceTree = "<group>"; };
		47DDB602169ED65B000A9A2B /* FastAscendingTrilltext.htm */ = {isa = PBXFileReference; fileEncoding = 4; lastKnownFileType = text.html; path = FastAscendingTrilltext.htm; sourceTree = "<group>"; };
		47DDB603169ED65B000A9A2B /* Humtext.htm */ = {isa = PBXFileReference; fileEncoding = 4; lastKnownFileType = text.html; path = Humtext.htm; sourceTree = "<group>"; };
		47DDB604169ED65B000A9A2B /* voicedahtext.htm */ = {isa = PBXFileReference; fileEncoding = 4; lastKnownFileType = text.html; path = voicedahtext.htm; sourceTree = "<group>"; };
		47DDB611169ED689000A9A2B /* 17vocalmaintenanceprogram.htm */ = {isa = PBXFileReference; fileEncoding = 4; lastKnownFileType = text.html; path = 17vocalmaintenanceprogram.htm; sourceTree = "<group>"; };
		47DDB612169ED689000A9A2B /* 18Resonance.htm */ = {isa = PBXFileReference; fileEncoding = 4; lastKnownFileType = text.html; path = 18Resonance.htm; sourceTree = "<group>"; };
		47DDB613169ED689000A9A2B /* 19articulation.htm */ = {isa = PBXFileReference; fileEncoding = 4; lastKnownFileType = text.html; path = 19articulation.htm; sourceTree = "<group>"; };
		47DDB614169ED689000A9A2B /* 20finishwithfocus.htm */ = {isa = PBXFileReference; fileEncoding = 4; lastKnownFileType = text.html; path = 20finishwithfocus.htm; sourceTree = "<group>"; };
		47DDB615169ED689000A9A2B /* articulationtext.htm */ = {isa = PBXFileReference; fileEncoding = 4; lastKnownFileType = text.html; path = articulationtext.htm; sourceTree = "<group>"; };
		47DDB616169ED689000A9A2B /* finishwithfocus.htm */ = {isa = PBXFileReference; fileEncoding = 4; lastKnownFileType = text.html; path = finishwithfocus.htm; sourceTree = "<group>"; };
		47DDB617169ED689000A9A2B /* finishwithfocustxt.htm */ = {isa = PBXFileReference; fileEncoding = 4; lastKnownFileType = text.html; path = finishwithfocustxt.htm; sourceTree = "<group>"; };
		47DDB61F169ED6A8000A9A2B /* 1voicematters.htm */ = {isa = PBXFileReference; fileEncoding = 4; lastKnownFileType = text.html; name = 1voicematters.htm; path = VoiceApp/html/04Technical/1voicematters.htm; sourceTree = SOURCE_ROOT; };
		47DDB620169ED6A8000A9A2B /* 2HowBreathWorks.htm */ = {isa = PBXFileReference; fileEncoding = 4; lastKnownFileType = text.html; name = 2HowBreathWorks.htm; path = VoiceApp/html/04Technical/2HowBreathWorks.htm; sourceTree = SOURCE_ROOT; };
		47DDB621169ED6A8000A9A2B /* 3howvoiceworks.htm */ = {isa = PBXFileReference; fileEncoding = 4; lastKnownFileType = text.html; name = 3howvoiceworks.htm; path = VoiceApp/html/04Technical/3howvoiceworks.htm; sourceTree = SOURCE_ROOT; };
		47DDB622169ED6A8000A9A2B /* 4howspeechworks.htm */ = {isa = PBXFileReference; fileEncoding = 4; lastKnownFileType = text.html; name = 4howspeechworks.htm; path = VoiceApp/html/04Technical/4howspeechworks.htm; sourceTree = SOURCE_ROOT; };
		47DDB627169ED777000A9A2B /* aboutthisapp.htm */ = {isa = PBXFileReference; fileEncoding = 4; lastKnownFileType = text.html; name = aboutthisapp.htm; path = "../../../../abeingingoodvoicesunday_v20_iOS/BT_Docs/htm files/aboutthisapp.htm"; sourceTree = "<group>"; };
		47DDB629169ED78A000A9A2B /* aboutbeinginvoice.htm */ = {isa = PBXFileReference; fileEncoding = 4; lastKnownFileType = text.html; name = aboutbeinginvoice.htm; path = "../../../../abeingingoodvoicesunday_v20_iOS/BT_Docs/htm files/aboutbeinginvoice.htm"; sourceTree = "<group>"; };
		47DDB62B169ED79B000A9A2B /* privacypolicy.htm */ = {isa = PBXFileReference; fileEncoding = 4; lastKnownFileType = text.html; name = privacypolicy.htm; path = "../../../../abeingingoodvoicesunday_v20_iOS/BT_Docs/htm files/privacypolicy.htm"; sourceTree = "<group>"; };
		47DDB62D169EE507000A9A2B /* FastAscendingLipTrill.MP3 */ = {isa = PBXFileReference; lastKnownFileType = audio.mp3; name = FastAscendingLipTrill.MP3; path = "../../../../Desktop/audio for app 6 Jan 13/FastAscendingLipTrill.MP3"; sourceTree = "<group>"; };
		47DF7548169839990054B51C /* AudioToolbox.framework */ = {isa = PBXFileReference; lastKnownFileType = wrapper.framework; name = AudioToolbox.framework; path = System/Library/Frameworks/AudioToolbox.framework; sourceTree = SDKROOT; };
		47DF75511698501E0054B51C /* forward.png */ = {isa = PBXFileReference; lastKnownFileType = image.png; name = forward.png; path = VoiceApp/images/forward.png; sourceTree = "<group>"; };
		47DF75521698501E0054B51C /* pause.png */ = {isa = PBXFileReference; lastKnownFileType = image.png; name = pause.png; path = VoiceApp/images/pause.png; sourceTree = "<group>"; };
		47DF75531698501F0054B51C /* play.png */ = {isa = PBXFileReference; lastKnownFileType = image.png; name = play.png; path = VoiceApp/images/play.png; sourceTree = "<group>"; };
		47DF75541698501F0054B51C /* rewind.png */ = {isa = PBXFileReference; lastKnownFileType = image.png; name = rewind.png; path = VoiceApp/images/rewind.png; sourceTree = "<group>"; };
		47DF75551698501F0054B51C /* sound_meter_background.png */ = {isa = PBXFileReference; lastKnownFileType = image.png; name = sound_meter_background.png; path = VoiceApp/images/sound_meter_background.png; sourceTree = "<group>"; };
		47DF75561698501F0054B51C /* sound_meter_glare.png */ = {isa = PBXFileReference; lastKnownFileType = image.png; name = sound_meter_glare.png; path = VoiceApp/images/sound_meter_glare.png; sourceTree = "<group>"; };
		47DF75571698501F0054B51C /* volume_down.png */ = {isa = PBXFileReference; lastKnownFileType = image.png; name = volume_down.png; path = VoiceApp/images/volume_down.png; sourceTree = "<group>"; };
		47DF75581698501F0054B51C /* volume_up.png */ = {isa = PBXFileReference; lastKnownFileType = image.png; name = volume_up.png; path = VoiceApp/images/volume_up.png; sourceTree = "<group>"; };
		47DF7567169910F80054B51C /* UIAudioControl.h */ = {isa = PBXFileReference; fileEncoding = 4; lastKnownFileType = sourcecode.c.h; path = UIAudioControl.h; sourceTree = "<group>"; };
		47DF7568169910F90054B51C /* UIAudioControl.m */ = {isa = PBXFileReference; fileEncoding = 4; lastKnownFileType = sourcecode.c.objc; path = UIAudioControl.m; sourceTree = "<group>"; };
		47DF756A16994A730054B51C /* QuartzCore.framework */ = {isa = PBXFileReference; lastKnownFileType = wrapper.framework; name = QuartzCore.framework; path = System/Library/Frameworks/QuartzCore.framework; sourceTree = SDKROOT; };
		47DFC67F1692D5F7002856B8 /* VoiceApp.app */ = {isa = PBXFileReference; explicitFileType = wrapper.application; includeInIndex = 0; path = VoiceApp.app; sourceTree = BUILT_PRODUCTS_DIR; };
		47DFC6831692D5F7002856B8 /* UIKit.framework */ = {isa = PBXFileReference; lastKnownFileType = wrapper.framework; name = UIKit.framework; path = System/Library/Frameworks/UIKit.framework; sourceTree = SDKROOT; };
		47DFC6851692D5F7002856B8 /* Foundation.framework */ = {isa = PBXFileReference; lastKnownFileType = wrapper.framework; name = Foundation.framework; path = System/Library/Frameworks/Foundation.framework; sourceTree = SDKROOT; };
		47DFC6871692D5F7002856B8 /* CoreGraphics.framework */ = {isa = PBXFileReference; lastKnownFileType = wrapper.framework; name = CoreGraphics.framework; path = System/Library/Frameworks/CoreGraphics.framework; sourceTree = SDKROOT; };
		47DFC68B1692D5F7002856B8 /* VoiceApp-Info.plist */ = {isa = PBXFileReference; lastKnownFileType = text.plist.xml; path = "VoiceApp-Info.plist"; sourceTree = "<group>"; };
		47DFC68D1692D5F7002856B8 /* en */ = {isa = PBXFileReference; lastKnownFileType = text.plist.strings; name = en; path = en.lproj/InfoPlist.strings; sourceTree = "<group>"; };
		47DFC68F1692D5F7002856B8 /* main.m */ = {isa = PBXFileReference; lastKnownFileType = sourcecode.c.objc; path = main.m; sourceTree = "<group>"; };
		47DFC6911692D5F7002856B8 /* VoiceApp-Prefix.pch */ = {isa = PBXFileReference; lastKnownFileType = sourcecode.c.h; path = "VoiceApp-Prefix.pch"; sourceTree = "<group>"; };
		47DFC6921692D5F7002856B8 /* voiceAppDelegate.h */ = {isa = PBXFileReference; lastKnownFileType = sourcecode.c.h; path = voiceAppDelegate.h; sourceTree = "<group>"; };
		47DFC6931692D5F7002856B8 /* voiceAppDelegate.m */ = {isa = PBXFileReference; lastKnownFileType = sourcecode.c.objc; path = voiceAppDelegate.m; sourceTree = "<group>"; };
		47DFC6951692D5F7002856B8 /* Default.png */ = {isa = PBXFileReference; lastKnownFileType = image.png; path = Default.png; sourceTree = "<group>"; };
		47DFC6971692D5F7002856B8 /* Default@2x.png */ = {isa = PBXFileReference; lastKnownFileType = image.png; path = "Default@2x.png"; sourceTree = "<group>"; };
		47DFC6991692D5F7002856B8 /* Default-568h@2x.png */ = {isa = PBXFileReference; lastKnownFileType = image.png; path = "Default-568h@2x.png"; sourceTree = "<group>"; };
		47DFC69C1692D5F7002856B8 /* en */ = {isa = PBXFileReference; lastKnownFileType = file.storyboard; name = en; path = en.lproj/MainStoryboard_iPhone.storyboard; sourceTree = "<group>"; };
		47DFC69F1692D5F7002856B8 /* en */ = {isa = PBXFileReference; lastKnownFileType = file.storyboard; name = en; path = en.lproj/MainStoryboard_iPad.storyboard; sourceTree = "<group>"; };
		47DFC6A11692D5F7002856B8 /* voiceMasterViewController.h */ = {isa = PBXFileReference; lastKnownFileType = sourcecode.c.h; path = voiceMasterViewController.h; sourceTree = "<group>"; };
		47DFC6A21692D5F7002856B8 /* voiceMasterViewController.m */ = {isa = PBXFileReference; lastKnownFileType = sourcecode.c.objc; path = voiceMasterViewController.m; sourceTree = "<group>"; };
		47DFC6A41692D5F7002856B8 /* voiceDetailViewController.h */ = {isa = PBXFileReference; lastKnownFileType = sourcecode.c.h; path = voiceDetailViewController.h; sourceTree = "<group>"; };
		47DFC6A51692D5F7002856B8 /* voiceDetailViewController.m */ = {isa = PBXFileReference; lastKnownFileType = sourcecode.c.objc; path = voiceDetailViewController.m; sourceTree = "<group>"; };
		47DFC6AC1692E246002856B8 /* HtmlArticle.h */ = {isa = PBXFileReference; fileEncoding = 4; lastKnownFileType = sourcecode.c.h; path = HtmlArticle.h; sourceTree = "<group>"; };
		47DFC6AD1692E246002856B8 /* HtmlArticle.m */ = {isa = PBXFileReference; fileEncoding = 4; lastKnownFileType = sourcecode.c.objc; path = HtmlArticle.m; sourceTree = "<group>"; };
		47DFC6B21692E4BF002856B8 /* voiceDataController.h */ = {isa = PBXFileReference; fileEncoding = 4; lastKnownFileType = sourcecode.c.h; path = voiceDataController.h; sourceTree = "<group>"; };
		47DFC6B31692E4BF002856B8 /* voiceDataController.m */ = {isa = PBXFileReference; fileEncoding = 4; lastKnownFileType = sourcecode.c.objc; path = voiceDataController.m; sourceTree = "<group>"; };
		47E04BA9169803620067A08B /* test.htm */ = {isa = PBXFileReference; fileEncoding = 4; lastKnownFileType = text.html; name = test.htm; path = VoiceApp/test.htm; sourceTree = "<group>"; };
		47E04BAE169806FA0067A08B /* alignment.mp3 */ = {isa = PBXFileReference; lastKnownFileType = audio.mp3; path = alignment.mp3; sourceTree = "<group>"; };
		47E04BAF169806FA0067A08B /* bibexercise.mp3 */ = {isa = PBXFileReference; lastKnownFileType = audio.mp3; path = bibexercise.mp3; sourceTree = "<group>"; };
		47E04BB0169806FA0067A08B /* bibintro.mp3 */ = {isa = PBXFileReference; lastKnownFileType = audio.mp3; path = bibintro.mp3; sourceTree = "<group>"; };
		47E04BB1169806FA0067A08B /* Breath.mp3 */ = {isa = PBXFileReference; lastKnownFileType = audio.mp3; path = Breath.mp3; sourceTree = "<group>"; };
		47E04BB2169806FA0067A08B /* CompleteMVW.mp3 */ = {isa = PBXFileReference; lastKnownFileType = audio.mp3; path = CompleteMVW.mp3; sourceTree = "<group>"; };
		47E04BB3169806FA0067A08B /* Hum.mp3 */ = {isa = PBXFileReference; lastKnownFileType = audio.mp3; path = Hum.mp3; sourceTree = "<group>"; };
		47E04BB4169806FA0067A08B /* introducingmvw.mp3 */ = {isa = PBXFileReference; lastKnownFileType = audio.mp3; path = introducingmvw.mp3; sourceTree = "<group>"; };
		47E04BB5169806FA0067A08B /* MVW.mp3 */ = {isa = PBXFileReference; lastKnownFileType = audio.mp3; path = MVW.mp3; sourceTree = "<group>"; };
		47E04BB6169806FA0067A08B /* RollDown.mp3 */ = {isa = PBXFileReference; lastKnownFileType = audio.mp3; path = RollDown.mp3; sourceTree = "<group>"; };
		47E04BB7169806FA0067A08B /* Sigh.mp3 */ = {isa = PBXFileReference; lastKnownFileType = audio.mp3; path = Sigh.mp3; sourceTree = "<group>"; };
		47E04BB8169806FA0067A08B /* SighAh.mp3 */ = {isa = PBXFileReference; lastKnownFileType = audio.mp3; path = SighAh.mp3; sourceTree = "<group>"; };
		47E04BB9169806FA0067A08B /* thats my idea.mp3 */ = {isa = PBXFileReference; lastKnownFileType = audio.mp3; path = "thats my idea.mp3"; sourceTree = "<group>"; };
		47E04BBA169806FA0067A08B /* TrillDown.mp3 */ = {isa = PBXFileReference; lastKnownFileType = audio.mp3; path = TrillDown.mp3; sourceTree = "<group>"; };
		47E04BBB169806FA0067A08B /* TrillUp.mp3 */ = {isa = PBXFileReference; lastKnownFileType = audio.mp3; path = TrillUp.mp3; sourceTree = "<group>"; };
		47E04BBC169806FA0067A08B /* Vocal Maintenance.mp3 */ = {isa = PBXFileReference; lastKnownFileType = audio.mp3; path = "Vocal Maintenance.mp3"; sourceTree = "<group>"; };
		47E04BBD169806FA0067A08B /* VoicedAh.mp3 */ = {isa = PBXFileReference; lastKnownFileType = audio.mp3; path = VoicedAh.mp3; sourceTree = "<group>"; };
		47E04BBE169806FA0067A08B /* whatismvw.mp3 */ = {isa = PBXFileReference; lastKnownFileType = audio.mp3; path = whatismvw.mp3; sourceTree = "<group>"; };
		47E04BD01698095D0067A08B /* AVFoundation.framework */ = {isa = PBXFileReference; lastKnownFileType = wrapper.framework; name = AVFoundation.framework; path = System/Library/Frameworks/AVFoundation.framework; sourceTree = SDKROOT; };
/* End PBXFileReference section */

/* Begin PBXFrameworksBuildPhase section */
		47DFC67C1692D5F7002856B8 /* Frameworks */ = {
			isa = PBXFrameworksBuildPhase;
			buildActionMask = 2147483647;
			files = (
				47DF756B16994A740054B51C /* QuartzCore.framework in Frameworks */,
				47DF7549169839990054B51C /* AudioToolbox.framework in Frameworks */,
				47E04BD11698095D0067A08B /* AVFoundation.framework in Frameworks */,
				47DFC6841692D5F7002856B8 /* UIKit.framework in Frameworks */,
				47DFC6861692D5F7002856B8 /* Foundation.framework in Frameworks */,
				47DFC6881692D5F7002856B8 /* CoreGraphics.framework in Frameworks */,
			);
			runOnlyForDeploymentPostprocessing = 0;
		};
/* End PBXFrameworksBuildPhase section */

/* Begin PBXGroup section */
		47DDB5BC169ED348000A9A2B /* 04Technical */ = {
			isa = PBXGroup;
			children = (
				47DDB61F169ED6A8000A9A2B /* 1voicematters.htm */,
				47DDB620169ED6A8000A9A2B /* 2HowBreathWorks.htm */,
				47DDB621169ED6A8000A9A2B /* 3howvoiceworks.htm */,
				47DDB622169ED6A8000A9A2B /* 4howspeechworks.htm */,
			);
			name = 04Technical;
			path = VoiceApp/html/03Technical;
			sourceTree = "<group>";
		};
		47DDB5C9169ED501000A9A2B /* 05More... */ = {
			isa = PBXGroup;
			children = (
				47DDB62B169ED79B000A9A2B /* privacypolicy.htm */,
				47DDB629169ED78A000A9A2B /* aboutbeinginvoice.htm */,
				47DDB627169ED777000A9A2B /* aboutthisapp.htm */,
			);
			name = 05More...;
			path = VoiceApp/html/05More...;
			sourceTree = "<group>";
		};
		47DDB5EC169ED5EF000A9A2B /* beingeasy */ = {
			isa = PBXGroup;
			children = (
				47DDB5ED169ED5EF000A9A2B /* 03BeinginBodytext.htm */,
				47DDB5EE169ED5EF000A9A2B /* 04posturetext.htm */,
				47DDB5EF169ED5EF000A9A2B /* 05rollingspinetext.htm */,
			);
			path = beingeasy;
			sourceTree = "<group>";
		};
		47DF7561169850290054B51C /* images */ = {
			isa = PBXGroup;
			children = (
				47DB014716A19576004F2F58 /* bar-background.png */,
				47DB014816A19576004F2F58 /* bar-background@2x.png */,
				47DB014916A19576004F2F58 /* bar-highlight.png */,
				47DB014A16A19576004F2F58 /* bar-highlight@2x.png */,
				47DB014B16A19576004F2F58 /* Color Palette by Color Scheme Generator.html */,
				47DB014C16A19576004F2F58 /* colour palatte xml file.xml */,
				47DB014D16A19576004F2F58 /* handle-hover.png */,
				47DB014E16A19576004F2F58 /* handle-hover@2x.png */,
				47DB014F16A19576004F2F58 /* handle.png */,
				47DB015016A19576004F2F58 /* handle@2x.png */,
				47DB015116A19576004F2F58 /* mypalette for photoshop.aco */,
				47DDB5C7169ED434000A9A2B /* IMG_3404.JPG */,
				47DDB5C5169ED414000A9A2B /* logo 200 px.jpg */,
				47DF75511698501E0054B51C /* forward.png */,
				47DF75521698501E0054B51C /* pause.png */,
				47DF75531698501F0054B51C /* play.png */,
				47DF75541698501F0054B51C /* rewind.png */,
				47DF75551698501F0054B51C /* sound_meter_background.png */,
				47DF75561698501F0054B51C /* sound_meter_glare.png */,
				47DF75571698501F0054B51C /* volume_down.png */,
				47DF75581698501F0054B51C /* volume_up.png */,
			);
			name = images;
			sourceTree = "<group>";
		};
		47DFC6741692D5F7002856B8 = {
			isa = PBXGroup;
			children = (
				47DF756A16994A730054B51C /* QuartzCore.framework */,
				47DF7561169850290054B51C /* images */,
				47E04BA9169803620067A08B /* test.htm */,
				47E04BAD169806FA0067A08B /* audio */,
				47DFC6F21692F720002856B8 /* html */,
				47DFC6891692D5F7002856B8 /* VoiceApp */,
				47DFC6821692D5F7002856B8 /* Frameworks */,
				47DFC6801692D5F7002856B8 /* Products */,
			);
			sourceTree = "<group>";
		};
		47DFC6801692D5F7002856B8 /* Products */ = {
			isa = PBXGroup;
			children = (
				47DFC67F1692D5F7002856B8 /* VoiceApp.app */,
			);
			name = Products;
			sourceTree = "<group>";
		};
		47DFC6821692D5F7002856B8 /* Frameworks */ = {
			isa = PBXGroup;
			children = (
				47E04BD01698095D0067A08B /* AVFoundation.framework */,
				47DF7548169839990054B51C /* AudioToolbox.framework */,
				47DFC6831692D5F7002856B8 /* UIKit.framework */,
				47DFC6851692D5F7002856B8 /* Foundation.framework */,
				47DFC6871692D5F7002856B8 /* CoreGraphics.framework */,
			);
			name = Frameworks;
			sourceTree = "<group>";
		};
		47DFC6891692D5F7002856B8 /* VoiceApp */ = {
			isa = PBXGroup;
			children = (
				47DFC6921692D5F7002856B8 /* voiceAppDelegate.h */,
				47DFC6931692D5F7002856B8 /* voiceAppDelegate.m */,
				47DFC69B1692D5F7002856B8 /* MainStoryboard_iPhone.storyboard */,
				47DFC69E1692D5F7002856B8 /* MainStoryboard_iPad.storyboard */,
				47DFC6A11692D5F7002856B8 /* voiceMasterViewController.h */,
				47DFC6A21692D5F7002856B8 /* voiceMasterViewController.m */,
				47DFC6A41692D5F7002856B8 /* voiceDetailViewController.h */,
				47DFC6A51692D5F7002856B8 /* voiceDetailViewController.m */,
				47DFC68A1692D5F7002856B8 /* Supporting Files */,
				47DFC6AC1692E246002856B8 /* HtmlArticle.h */,
				47DFC6AD1692E246002856B8 /* HtmlArticle.m */,
				47DFC6B21692E4BF002856B8 /* voiceDataController.h */,
				47DFC6B31692E4BF002856B8 /* voiceDataController.m */,
				47DF7567169910F80054B51C /* UIAudioControl.h */,
				47DF7568169910F90054B51C /* UIAudioControl.m */,
			);
			path = VoiceApp;
			sourceTree = "<group>";
		};
		47DFC68A1692D5F7002856B8 /* Supporting Files */ = {
			isa = PBXGroup;
			children = (
				47DFC68B1692D5F7002856B8 /* VoiceApp-Info.plist */,
				47DFC68C1692D5F7002856B8 /* InfoPlist.strings */,
				47DFC68F1692D5F7002856B8 /* main.m */,
				47DFC6911692D5F7002856B8 /* VoiceApp-Prefix.pch */,
				47DFC6951692D5F7002856B8 /* Default.png */,
				47DFC6971692D5F7002856B8 /* Default@2x.png */,
				47DFC6991692D5F7002856B8 /* Default-568h@2x.png */,
			);
			name = "Supporting Files";
			sourceTree = "<group>";
		};
		47DFC6F21692F720002856B8 /* html */ = {
			isa = PBXGroup;
			children = (
				47DDB5C9169ED501000A9A2B /* 05More... */,
				C85D68851696FBD600BFFB1E /* 01Welcome */,
				C85D68891696FBD600BFFB1E /* 02Preparation */,
				47E04B401697CF1B0067A08B /* 03The Warmups */,
				47DDB5BC169ED348000A9A2B /* 04Technical */,
			);
			name = html;
			sourceTree = "<group>";
		};
		47E04B401697CF1B0067A08B /* 03The Warmups */ = {
			isa = PBXGroup;
			children = (
				47E04B411697CF1B0067A08B /* 03WarmupBeginners */,
				47E04B4C1697CF1B0067A08B /* 04Warmupadvanced */,
			);
			name = "03The Warmups";
			path = "VoiceApp/html/03The Warmups";
			sourceTree = "<group>";
		};
		47E04B411697CF1B0067A08B /* 03WarmupBeginners */ = {
			isa = PBXGroup;
			children = (
				47E04B421697CF1B0067A08B /* Mini Vocal Warmup */,
			);
			path = 03WarmupBeginners;
			sourceTree = "<group>";
		};
		47E04B421697CF1B0067A08B /* Mini Vocal Warmup */ = {
			isa = PBXGroup;
			children = (
				47DDB5F9169ED65B000A9A2B /* 08howtousemvw.htm */,
				47DDB5FA169ED65B000A9A2B /* 09Sigh.htm */,
				47DDB5FB169ED65B000A9A2B /* 10sighingah.htm */,
				47DDB5FC169ED65B000A9A2B /* 11hum.htm */,
				47DDB5FD169ED65B000A9A2B /* 12FastAscendingTrill.htm */,
				47DDB5FE169ED65B000A9A2B /* 13FastDescendingTrill.htm */,
				47DDB5FF169ED65B000A9A2B /* 14voicedah.htm */,
				47DDB600169ED65B000A9A2B /* 15 warmupnowwithFlloyd.htm */,
				47DDB601169ED65B000A9A2B /* 16 warmupnowwithRod.htm */,
				47DDB602169ED65B000A9A2B /* FastAscendingTrilltext.htm */,
				47DDB603169ED65B000A9A2B /* Humtext.htm */,
				47DDB604169ED65B000A9A2B /* voicedahtext.htm */,
			);
			path = "Mini Vocal Warmup";
			sourceTree = "<group>";
		};
		47E04B4C1697CF1B0067A08B /* 04Warmupadvanced */ = {
			isa = PBXGroup;
			children = (
				47DDB611169ED689000A9A2B /* 17vocalmaintenanceprogram.htm */,
				47DDB612169ED689000A9A2B /* 18Resonance.htm */,
				47DDB613169ED689000A9A2B /* 19articulation.htm */,
				47DDB614169ED689000A9A2B /* 20finishwithfocus.htm */,
				47DDB615169ED689000A9A2B /* articulationtext.htm */,
				47DDB616169ED689000A9A2B /* finishwithfocus.htm */,
				47DDB617169ED689000A9A2B /* finishwithfocustxt.htm */,
			);
			path = 04Warmupadvanced;
			sourceTree = "<group>";
		};
		47E04BAD169806FA0067A08B /* audio */ = {
			isa = PBXGroup;
			children = (
				47DB015E16A1A1DB004F2F58 /* BeforeYouMakeASound.mp3 */,
				47DDB62D169EE507000A9A2B /* FastAscendingLipTrill.MP3 */,
				47E04BAE169806FA0067A08B /* alignment.mp3 */,
				47E04BAF169806FA0067A08B /* bibexercise.mp3 */,
				47E04BB0169806FA0067A08B /* bibintro.mp3 */,
				47E04BB1169806FA0067A08B /* Breath.mp3 */,
				47E04BB2169806FA0067A08B /* CompleteMVW.mp3 */,
				47E04BB3169806FA0067A08B /* Hum.mp3 */,
				47E04BB4169806FA0067A08B /* introducingmvw.mp3 */,
				47E04BB5169806FA0067A08B /* MVW.mp3 */,
				47E04BB6169806FA0067A08B /* RollDown.mp3 */,
				47E04BB7169806FA0067A08B /* Sigh.mp3 */,
				47E04BB8169806FA0067A08B /* SighAh.mp3 */,
				47E04BB9169806FA0067A08B /* thats my idea.mp3 */,
				47E04BBA169806FA0067A08B /* TrillDown.mp3 */,
				47E04BBB169806FA0067A08B /* TrillUp.mp3 */,
				47E04BBC169806FA0067A08B /* Vocal Maintenance.mp3 */,
				47E04BBD169806FA0067A08B /* VoicedAh.mp3 */,
				47E04BBE169806FA0067A08B /* whatismvw.mp3 */,
			);
			name = audio;
			path = VoiceApp/audio;
			sourceTree = "<group>";
		};
		C85D68851696FBD600BFFB1E /* 01Welcome */ = {
			isa = PBXGroup;
			children = (
				47DDB5D6169ED53D000A9A2B /* 01welcome.html */,
				47DDB5D7169ED53D000A9A2B /* 02whatisbeinginvoice.htm */,
				47DDB5D8169ED53D000A9A2B /* 03whywarmup.htm */,
			);
			name = 01Welcome;
			path = "VoiceApp/html/01 Welcome";
			sourceTree = "<group>";
		};
		C85D68891696FBD600BFFB1E /* 02Preparation */ = {
			isa = PBXGroup;
			children = (
				C85D688A1696FBD600BFFB1E /* Being in Body */,
				C85D688E1696FBD600BFFB1E /* Being in Breath */,
			);
			name = 02Preparation;
			path = VoiceApp/html/02Preparation;
			sourceTree = "<group>";
		};
		C85D688A1696FBD600BFFB1E /* Being in Body */ = {
			isa = PBXGroup;
			children = (
				47DDB5EA169ED5C1000A9A2B /* BeforeYouMakeASound.htm */,
				47DDB5E4169ED5B1000A9A2B /* intro text.htm */,
				47DDB5E5169ED5B1000A9A2B /* moveeasy.htm */,
				47DDB5E6169ED5B1000A9A2B /* standeasy.htm */,
				47DDB5EC169ED5EF000A9A2B /* beingeasy */,
			);
			path = "Being in Body";
			sourceTree = "<group>";
		};
		C85D688E1696FBD600BFFB1E /* Being in Breath */ = {
			isa = PBXGroup;
			children = (
				47DDB5F3169ED614000A9A2B /* Breath Exercises Text.htm */,
				47DDB5F4169ED614000A9A2B /* breatheeasy.htm */,
				47DDB5F5169ED614000A9A2B /* breathex.htm */,
			);
			path = "Being in Breath";
			sourceTree = "<group>";
		};
/* End PBXGroup section */

/* Begin PBXNativeTarget section */
		47DFC67E1692D5F7002856B8 /* VoiceApp */ = {
			isa = PBXNativeTarget;
			buildConfigurationList = 47DFC6A91692D5F7002856B8 /* Build configuration list for PBXNativeTarget "VoiceApp" */;
			buildPhases = (
				47DFC67B1692D5F7002856B8 /* Sources */,
				47DFC67C1692D5F7002856B8 /* Frameworks */,
				47DFC67D1692D5F7002856B8 /* Resources */,
			);
			buildRules = (
			);
			dependencies = (
			);
			name = VoiceApp;
			productName = VoiceApp;
			productReference = 47DFC67F1692D5F7002856B8 /* VoiceApp.app */;
			productType = "com.apple.product-type.application";
		};
/* End PBXNativeTarget section */

/* Begin PBXProject section */
		47DFC6761692D5F7002856B8 /* Project object */ = {
			isa = PBXProject;
			attributes = {
				CLASSPREFIX = voice;
				LastUpgradeCheck = 0450;
				ORGANIZATIONNAME = "Flloyd Pauline Kennedy";
			};
			buildConfigurationList = 47DFC6791692D5F7002856B8 /* Build configuration list for PBXProject "VoiceApp" */;
			compatibilityVersion = "Xcode 3.2";
			developmentRegion = English;
			hasScannedForEncodings = 0;
			knownRegions = (
				en,
			);
			mainGroup = 47DFC6741692D5F7002856B8;
			productRefGroup = 47DFC6801692D5F7002856B8 /* Products */;
			projectDirPath = "";
			projectRoot = "";
			targets = (
				47DFC67E1692D5F7002856B8 /* VoiceApp */,
			);
		};
/* End PBXProject section */

/* Begin PBXResourcesBuildPhase section */
		47DFC67D1692D5F7002856B8 /* Resources */ = {
			isa = PBXResourcesBuildPhase;
			buildActionMask = 2147483647;
			files = (
				47DFC68E1692D5F7002856B8 /* InfoPlist.strings in Resources */,
				47DFC6961692D5F7002856B8 /* Default.png in Resources */,
				47DFC6981692D5F7002856B8 /* Default@2x.png in Resources */,
				47DFC69A1692D5F7002856B8 /* Default-568h@2x.png in Resources */,
				47DFC69D1692D5F7002856B8 /* MainStoryboard_iPhone.storyboard in Resources */,
				47DFC6A01692D5F7002856B8 /* MainStoryboard_iPad.storyboard in Resources */,
				47E04BAA169803630067A08B /* test.htm in Resources */,
				47E04BBF169806FA0067A08B /* alignment.mp3 in Resources */,
				47E04BC0169806FA0067A08B /* bibexercise.mp3 in Resources */,
				47E04BC1169806FA0067A08B /* bibintro.mp3 in Resources */,
				47E04BC2169806FA0067A08B /* Breath.mp3 in Resources */,
				47E04BC3169806FA0067A08B /* CompleteMVW.mp3 in Resources */,
				47E04BC4169806FA0067A08B /* Hum.mp3 in Resources */,
				47E04BC5169806FA0067A08B /* introducingmvw.mp3 in Resources */,
				47E04BC6169806FA0067A08B /* MVW.mp3 in Resources */,
				47E04BC7169806FA0067A08B /* RollDown.mp3 in Resources */,
				47E04BC8169806FA0067A08B /* Sigh.mp3 in Resources */,
				47E04BC9169806FA0067A08B /* SighAh.mp3 in Resources */,
				47E04BCA169806FA0067A08B /* thats my idea.mp3 in Resources */,
				47E04BCB169806FA0067A08B /* TrillDown.mp3 in Resources */,
				47E04BCC169806FA0067A08B /* TrillUp.mp3 in Resources */,
				47E04BCD169806FA0067A08B /* Vocal Maintenance.mp3 in Resources */,
				47E04BCE169806FA0067A08B /* VoicedAh.mp3 in Resources */,
				47E04BCF169806FA0067A08B /* whatismvw.mp3 in Resources */,
				47DF75591698501F0054B51C /* forward.png in Resources */,
				47DF755A1698501F0054B51C /* pause.png in Resources */,
				47DF755B1698501F0054B51C /* play.png in Resources */,
				47DF755C1698501F0054B51C /* rewind.png in Resources */,
				47DF755D1698501F0054B51C /* sound_meter_background.png in Resources */,
				47DF755E1698501F0054B51C /* sound_meter_glare.png in Resources */,
				47DF755F1698501F0054B51C /* volume_down.png in Resources */,
				47DF75601698501F0054B51C /* volume_up.png in Resources */,
				47DDB5C6169ED414000A9A2B /* logo 200 px.jpg in Resources */,
				47DDB5C8169ED434000A9A2B /* IMG_3404.JPG in Resources */,
				47DDB5D9169ED53D000A9A2B /* 01welcome.html in Resources */,
				47DDB5DA169ED53D000A9A2B /* 02whatisbeinginvoice.htm in Resources */,
				47DDB5DB169ED53D000A9A2B /* 03whywarmup.htm in Resources */,
				47DDB5E7169ED5B1000A9A2B /* intro text.htm in Resources */,
				47DDB5E8169ED5B1000A9A2B /* moveeasy.htm in Resources */,
				47DDB5E9169ED5B1000A9A2B /* standeasy.htm in Resources */,
				47DDB5EB169ED5C1000A9A2B /* BeforeYouMakeASound.htm in Resources */,
				47DDB5F0169ED5EF000A9A2B /* 03BeinginBodytext.htm in Resources */,
				47DDB5F1169ED5EF000A9A2B /* 04posturetext.htm in Resources */,
				47DDB5F2169ED5EF000A9A2B /* 05rollingspinetext.htm in Resources */,
				47DDB5F6169ED614000A9A2B /* Breath Exercises Text.htm in Resources */,
				47DDB5F7169ED614000A9A2B /* breatheeasy.htm in Resources */,
				47DDB5F8169ED614000A9A2B /* breathex.htm in Resources */,
				47DDB605169ED65B000A9A2B /* 08howtousemvw.htm in Resources */,
				47DDB606169ED65B000A9A2B /* 09Sigh.htm in Resources */,
				47DDB607169ED65B000A9A2B /* 10sighingah.htm in Resources */,
				47DDB608169ED65B000A9A2B /* 11hum.htm in Resources */,
				47DDB609169ED65B000A9A2B /* 12FastAscendingTrill.htm in Resources */,
				47DDB60A169ED65B000A9A2B /* 13FastDescendingTrill.htm in Resources */,
				47DDB60B169ED65B000A9A2B /* 14voicedah.htm in Resources */,
				47DDB60C169ED65B000A9A2B /* 15 warmupnowwithFlloyd.htm in Resources */,
				47DDB60D169ED65B000A9A2B /* 16 warmupnowwithRod.htm in Resources */,
				47DDB60E169ED65B000A9A2B /* FastAscendingTrilltext.htm in Resources */,
				47DDB60F169ED65B000A9A2B /* Humtext.htm in Resources */,
				47DDB610169ED65B000A9A2B /* voicedahtext.htm in Resources */,
				47DDB618169ED689000A9A2B /* 17vocalmaintenanceprogram.htm in Resources */,
				47DDB619169ED689000A9A2B /* 18Resonance.htm in Resources */,
				47DDB61A169ED689000A9A2B /* 19articulation.htm in Resources */,
				47DDB61B169ED689000A9A2B /* 20finishwithfocus.htm in Resources */,
				47DDB61C169ED689000A9A2B /* articulationtext.htm in Resources */,
				47DDB61D169ED689000A9A2B /* finishwithfocus.htm in Resources */,
				47DDB61E169ED689000A9A2B /* finishwithfocustxt.htm in Resources */,
				47DDB623169ED6A8000A9A2B /* 1voicematters.htm in Resources */,
				47DDB624169ED6A8000A9A2B /* 2HowBreathWorks.htm in Resources */,
				47DDB625169ED6A8000A9A2B /* 3howvoiceworks.htm in Resources */,
				47DDB626169ED6A8000A9A2B /* 4howspeechworks.htm in Resources */,
				47DDB628169ED777000A9A2B /* aboutthisapp.htm in Resources */,
				47DDB62A169ED78A000A9A2B /* aboutbeinginvoice.htm in Resources */,
				47DDB62C169ED79B000A9A2B /* privacypolicy.htm in Resources */,
				47DDB62E169EE507000A9A2B /* FastAscendingLipTrill.MP3 in Resources */,
				47DB015216A19576004F2F58 /* bar-background.png in Resources */,
				47DB015316A19576004F2F58 /* bar-background@2x.png in Resources */,
				47DB015416A19576004F2F58 /* bar-highlight.png in Resources */,
				47DB015516A19576004F2F58 /* bar-highlight@2x.png in Resources */,
				47DB015616A19576004F2F58 /* Color Palette by Color Scheme Generator.html in Resources */,
				47DB015716A19576004F2F58 /* colour palatte xml file.xml in Resources */,
				47DB015816A19576004F2F58 /* handle-hover.png in Resources */,
				47DB015916A19576004F2F58 /* handle-hover@2x.png in Resources */,
				47DB015A16A19576004F2F58 /* handle.png in Resources */,
				47DB015B16A19576004F2F58 /* handle@2x.png in Resources */,
				47DB015C16A19576004F2F58 /* mypalette for photoshop.aco in Resources */,
				47DB015F16A1A1DB004F2F58 /* BeforeYouMakeASound.mp3 in Resources */,
			);
			runOnlyForDeploymentPostprocessing = 0;
		};
/* End PBXResourcesBuildPhase section */

/* Begin PBXSourcesBuildPhase section */
		47DFC67B1692D5F7002856B8 /* Sources */ = {
			isa = PBXSourcesBuildPhase;
			buildActionMask = 2147483647;
			files = (
				47DFC6901692D5F7002856B8 /* main.m in Sources */,
				47DFC6941692D5F7002856B8 /* voiceAppDelegate.m in Sources */,
				47DFC6A31692D5F7002856B8 /* voiceMasterViewController.m in Sources */,
				47DFC6A61692D5F7002856B8 /* voiceDetailViewController.m in Sources */,
				47DFC6AE1692E246002856B8 /* HtmlArticle.m in Sources */,
				47DFC6B41692E4BF002856B8 /* voiceDataController.m in Sources */,
				47DF7569169910F90054B51C /* UIAudioControl.m in Sources */,
			);
			runOnlyForDeploymentPostprocessing = 0;
		};
/* End PBXSourcesBuildPhase section */

/* Begin PBXVariantGroup section */
		47DFC68C1692D5F7002856B8 /* InfoPlist.strings */ = {
			isa = PBXVariantGroup;
			children = (
				47DFC68D1692D5F7002856B8 /* en */,
			);
			name = InfoPlist.strings;
			sourceTree = "<group>";
		};
		47DFC69B1692D5F7002856B8 /* MainStoryboard_iPhone.storyboard */ = {
			isa = PBXVariantGroup;
			children = (
				47DFC69C1692D5F7002856B8 /* en */,
			);
			name = MainStoryboard_iPhone.storyboard;
			sourceTree = "<group>";
		};
		47DFC69E1692D5F7002856B8 /* MainStoryboard_iPad.storyboard */ = {
			isa = PBXVariantGroup;
			children = (
				47DFC69F1692D5F7002856B8 /* en */,
			);
			name = MainStoryboard_iPad.storyboard;
			sourceTree = "<group>";
		};
/* End PBXVariantGroup section */

/* Begin XCBuildConfiguration section */
		47DFC6A71692D5F7002856B8 /* Debug */ = {
			isa = XCBuildConfiguration;
			buildSettings = {
				ALWAYS_SEARCH_USER_PATHS = NO;
				CLANG_CXX_LANGUAGE_STANDARD = "gnu++0x";
				CLANG_CXX_LIBRARY = "libc++";
				CLANG_ENABLE_OBJC_ARC = YES;
				CLANG_WARN_EMPTY_BODY = YES;
				CLANG_WARN__DUPLICATE_METHOD_MATCH = YES;
				"CODE_SIGN_IDENTITY[sdk=iphoneos*]" = "iPhone Developer";
				COPY_PHASE_STRIP = NO;
				GCC_C_LANGUAGE_STANDARD = gnu99;
				GCC_DYNAMIC_NO_PIC = NO;
				GCC_OPTIMIZATION_LEVEL = 0;
				GCC_PREPROCESSOR_DEFINITIONS = (
					"DEBUG=1",
					"$(inherited)",
				);
				GCC_SYMBOLS_PRIVATE_EXTERN = NO;
				GCC_WARN_ABOUT_RETURN_TYPE = YES;
				GCC_WARN_UNINITIALIZED_AUTOS = YES;
				GCC_WARN_UNUSED_VARIABLE = YES;
				IPHONEOS_DEPLOYMENT_TARGET = 6.0;
				ONLY_ACTIVE_ARCH = YES;
				SDKROOT = iphoneos;
				TARGETED_DEVICE_FAMILY = "1,2";
			};
			name = Debug;
		};
		47DFC6A81692D5F7002856B8 /* Release */ = {
			isa = XCBuildConfiguration;
			buildSettings = {
				ALWAYS_SEARCH_USER_PATHS = NO;
				CLANG_CXX_LANGUAGE_STANDARD = "gnu++0x";
				CLANG_CXX_LIBRARY = "libc++";
				CLANG_ENABLE_OBJC_ARC = YES;
				CLANG_WARN_EMPTY_BODY = YES;
				CLANG_WARN__DUPLICATE_METHOD_MATCH = YES;
				"CODE_SIGN_IDENTITY[sdk=iphoneos*]" = "iPhone Developer";
				COPY_PHASE_STRIP = YES;
				GCC_C_LANGUAGE_STANDARD = gnu99;
				GCC_WARN_ABOUT_RETURN_TYPE = YES;
				GCC_WARN_UNINITIALIZED_AUTOS = YES;
				GCC_WARN_UNUSED_VARIABLE = YES;
				IPHONEOS_DEPLOYMENT_TARGET = 6.0;
				OTHER_CFLAGS = "-DNS_BLOCK_ASSERTIONS=1";
				SDKROOT = iphoneos;
				TARGETED_DEVICE_FAMILY = "1,2";
				VALIDATE_PRODUCT = YES;
			};
			name = Release;
		};
		47DFC6AA1692D5F7002856B8 /* Debug */ = {
			isa = XCBuildConfiguration;
			buildSettings = {
				GCC_PRECOMPILE_PREFIX_HEADER = YES;
				GCC_PREFIX_HEADER = "VoiceApp/VoiceApp-Prefix.pch";
				INFOPLIST_FILE = "VoiceApp/VoiceApp-Info.plist";
				PRODUCT_NAME = "$(TARGET_NAME)";
				WRAPPER_EXTENSION = app;
			};
			name = Debug;
		};
		47DFC6AB1692D5F7002856B8 /* Release */ = {
			isa = XCBuildConfiguration;
			buildSettings = {
				GCC_PRECOMPILE_PREFIX_HEADER = YES;
				GCC_PREFIX_HEADER = "VoiceApp/VoiceApp-Prefix.pch";
				INFOPLIST_FILE = "VoiceApp/VoiceApp-Info.plist";
				PRODUCT_NAME = "$(TARGET_NAME)";
				WRAPPER_EXTENSION = app;
			};
			name = Release;
		};
/* End XCBuildConfiguration section */

/* Begin XCConfigurationList section */
		47DFC6791692D5F7002856B8 /* Build configuration list for PBXProject "VoiceApp" */ = {
			isa = XCConfigurationList;
			buildConfigurations = (
				47DFC6A71692D5F7002856B8 /* Debug */,
				47DFC6A81692D5F7002856B8 /* Release */,
			);
			defaultConfigurationIsVisible = 0;
			defaultConfigurationName = Release;
		};
		47DFC6A91692D5F7002856B8 /* Build configuration list for PBXNativeTarget "VoiceApp" */ = {
			isa = XCConfigurationList;
			buildConfigurations = (
				47DFC6AA1692D5F7002856B8 /* Debug */,
				47DFC6AB1692D5F7002856B8 /* Release */,
			);
			defaultConfigurationIsVisible = 0;
			defaultConfigurationName = Release;
		};
/* End XCConfigurationList section */
	};
	rootObject = 47DFC6761692D5F7002856B8 /* Project object */;
}
