// !$*UTF8*$!
{
	archiveVersion = 1;
	classes = {
	};
	objectVersion = 46;
	objects = {

/* Begin PBXBuildFile section */
		4773FF4516BE9AC300D3F1EC /* Contact.htm in Resources */ = {isa = PBXBuildFile; fileRef = 4773FF4416BE9AC300D3F1EC /* Contact.htm */; };
		4786500116D368DB00244826 /* FastAscendingTrill.mp3 in Resources */ = {isa = PBXBuildFile; fileRef = 4786500016D368DB00244826 /* FastAscendingTrill.mp3 */; };
		4786500316D59FA500244826 /* Articulation.mp3 in Resources */ = {isa = PBXBuildFile; fileRef = 4786500216D59FA400244826 /* Articulation.mp3 */; };
		4786500516D59FAF00244826 /* Resonance.mp3 in Resources */ = {isa = PBXBuildFile; fileRef = 4786500416D59FAF00244826 /* Resonance.mp3 */; };
		4786500716D5D44700244826 /* FastDescendingTrill.mp3 in Resources */ = {isa = PBXBuildFile; fileRef = 4786500616D5D44700244826 /* FastDescendingTrill.mp3 */; };
		4786500916D5DAF200244826 /* StandEasy.mp3 in Resources */ = {isa = PBXBuildFile; fileRef = 4786500816D5DAF100244826 /* StandEasy.mp3 */; };
		47CC5F2216AE2EFF00FF0DC8 /* Welcome.mp3 in Resources */ = {isa = PBXBuildFile; fileRef = 47CC5F2116AE2EFF00FF0DC8 /* Welcome.mp3 */; };
		47CC5F2516B0045100FF0DC8 /* VocalMaintenanceProgram.mp3 in Resources */ = {isa = PBXBuildFile; fileRef = 47CC5F2416B0045100FF0DC8 /* VocalMaintenanceProgram.mp3 */; };
		47D8975F16A292DD0012E99E /* VocalMaintenanceProgram.htm in Resources */ = {isa = PBXBuildFile; fileRef = 47D8975E16A292DD0012E99E /* VocalMaintenanceProgram.htm */; };
		47D8976116A292FC0012E99E /* Resonance.htm in Resources */ = {isa = PBXBuildFile; fileRef = 47D8976016A292FC0012E99E /* Resonance.htm */; };
		47D8976316A293120012E99E /* FinishWithFocus.htm in Resources */ = {isa = PBXBuildFile; fileRef = 47D8976216A293120012E99E /* FinishWithFocus.htm */; };
		47D8976516A2931E0012E99E /* Articulation.htm in Resources */ = {isa = PBXBuildFile; fileRef = 47D8976416A2931E0012E99E /* Articulation.htm */; };
		47D8977316A297BE0012E99E /* HowBreathWorks.htm in Resources */ = {isa = PBXBuildFile; fileRef = 47D8976F16A297BE0012E99E /* HowBreathWorks.htm */; };
		47D8977416A297BE0012E99E /* HowSpeechWorks.htm in Resources */ = {isa = PBXBuildFile; fileRef = 47D8977016A297BE0012E99E /* HowSpeechWorks.htm */; };
		47D8977516A297BE0012E99E /* HowVoiceWorks.htm in Resources */ = {isa = PBXBuildFile; fileRef = 47D8977116A297BE0012E99E /* HowVoiceWorks.htm */; };
		47D8977616A297BE0012E99E /* VoiceMatters.htm in Resources */ = {isa = PBXBuildFile; fileRef = 47D8977216A297BE0012E99E /* VoiceMatters.htm */; };
		47D8977B16A298190012E99E /* AboutBeingInVoice.htm in Resources */ = {isa = PBXBuildFile; fileRef = 47D8977816A298190012E99E /* AboutBeingInVoice.htm */; };
		47D8977C16A298190012E99E /* AboutThisApp.htm in Resources */ = {isa = PBXBuildFile; fileRef = 47D8977916A298190012E99E /* AboutThisApp.htm */; };
		47D8977D16A298190012E99E /* PrivacyPolicy.htm in Resources */ = {isa = PBXBuildFile; fileRef = 47D8977A16A298190012E99E /* PrivacyPolicy.htm */; };
		47D89F1716A2AA130000367B /* ContactBeingInVoice.htm in Resources */ = {isa = PBXBuildFile; fileRef = 47D89F1616A2AA130000367B /* ContactBeingInVoice.htm */; };
		47D89F1F16A2CCAB0000367B /* BeforeYouMakeASound.mp3 in Resources */ = {isa = PBXBuildFile; fileRef = 47D89F1E16A2CCAB0000367B /* BeforeYouMakeASound.mp3 */; };
		47D89F2116A2CEDE0000367B /* MoveEasy.mp3 in Resources */ = {isa = PBXBuildFile; fileRef = 47D89F2016A2CEDE0000367B /* MoveEasy.mp3 */; };
		47D89F2316A2D16F0000367B /* BreathExercises.mp3 in Resources */ = {isa = PBXBuildFile; fileRef = 47D89F2216A2D16F0000367B /* BreathExercises.mp3 */; };
		47D89F2516A2D4430000367B /* logo 360.jpg in Resources */ = {isa = PBXBuildFile; fileRef = 47D89F2416A2D4430000367B /* logo 360.jpg */; };
		47D89F2716A2D6620000367B /* FlloydKennedy.jpg in Resources */ = {isa = PBXBuildFile; fileRef = 47D89F2616A2D6620000367B /* FlloydKennedy.jpg */; };
		47D89F2916A2DB890000367B /* BeingInBreath.mp3 in Resources */ = {isa = PBXBuildFile; fileRef = 47D89F2816A2DB890000367B /* BeingInBreath.mp3 */; };
		47DB015216A19576004F2F58 /* bar-background.png in Resources */ = {isa = PBXBuildFile; fileRef = 47DB014716A19576004F2F58 /* bar-background.png */; };
		47DB015316A19576004F2F58 /* bar-background@2x.png in Resources */ = {isa = PBXBuildFile; fileRef = 47DB014816A19576004F2F58 /* bar-background@2x.png */; };
		47DB015416A19576004F2F58 /* bar-highlight.png in Resources */ = {isa = PBXBuildFile; fileRef = 47DB014916A19576004F2F58 /* bar-highlight.png */; };
		47DB015516A19576004F2F58 /* bar-highlight@2x.png in Resources */ = {isa = PBXBuildFile; fileRef = 47DB014A16A19576004F2F58 /* bar-highlight@2x.png */; };
		47DB015616A19576004F2F58 /* Color Palette by Color Scheme Generator.html in Resources */ = {isa = PBXBuildFile; fileRef = 47DB014B16A19576004F2F58 /* Color Palette by Color Scheme Generator.html */; };
		47DB015716A19576004F2F58 /* colour palatte xml file.xml in Resources */ = {isa = PBXBuildFile; fileRef = 47DB014C16A19576004F2F58 /* colour palatte xml file.xml */; };
		47DB015816A19576004F2F58 /* handle-hover.png in Resources */ = {isa = PBXBuildFile; fileRef = 47DB014D16A19576004F2F58 /* handle-hover.png */; };
		47DB015916A19576004F2F58 /* handle-hover@2x.png in Resources */ = {isa = PBXBuildFile; fileRef = 47DB014E16A19576004F2F58 /* handle-hover@2x.png */; };
		47DB015A16A19576004F2F58 /* handle.png in Resources */ = {isa = PBXBuildFile; fileRef = 47DB014F16A19576004F2F58 /* handle.png */; };
		47DB015B16A19576004F2F58 /* handle@2x.png in Resources */ = {isa = PBXBuildFile; fileRef = 47DB015016A19576004F2F58 /* handle@2x.png */; };
		47DB016116A1A768004F2F58 /* beinginvoice.css in Resources */ = {isa = PBXBuildFile; fileRef = 47DB016016A1A768004F2F58 /* beinginvoice.css */; };
		47DB016416A1AAD6004F2F58 /* MoveEasy.htm in Resources */ = {isa = PBXBuildFile; fileRef = 47DB016216A1AAD6004F2F58 /* MoveEasy.htm */; };
		47DB016516A1AAD6004F2F58 /* StandEasy.htm in Resources */ = {isa = PBXBuildFile; fileRef = 47DB016316A1AAD6004F2F58 /* StandEasy.htm */; };
		47DC0D5D16A258D0000A774B /* FastAscendingTrill.htm in Resources */ = {isa = PBXBuildFile; fileRef = 47DC0D5116A258D0000A774B /* FastAscendingTrill.htm */; };
		47DC0D5E16A258D0000A774B /* FastAscendingTrilltext.htm in Resources */ = {isa = PBXBuildFile; fileRef = 47DC0D5216A258D0000A774B /* FastAscendingTrilltext.htm */; };
		47DC0D5F16A258D0000A774B /* FastDescendingTrill.htm in Resources */ = {isa = PBXBuildFile; fileRef = 47DC0D5316A258D0000A774B /* FastDescendingTrill.htm */; };
		47DC0D6016A258D0000A774B /* HowToUseMVW.htm in Resources */ = {isa = PBXBuildFile; fileRef = 47DC0D5416A258D0000A774B /* HowToUseMVW.htm */; };
		47DC0D6116A258D0000A774B /* Hum.htm in Resources */ = {isa = PBXBuildFile; fileRef = 47DC0D5516A258D0000A774B /* Hum.htm */; };
		47DC0D6216A258D0000A774B /* Humtext.htm in Resources */ = {isa = PBXBuildFile; fileRef = 47DC0D5616A258D0000A774B /* Humtext.htm */; };
		47DC0D6316A258D0000A774B /* Sigh.htm in Resources */ = {isa = PBXBuildFile; fileRef = 47DC0D5716A258D0000A774B /* Sigh.htm */; };
		47DC0D6416A258D0000A774B /* SighingAh.htm in Resources */ = {isa = PBXBuildFile; fileRef = 47DC0D5816A258D0000A774B /* SighingAh.htm */; };
		47DC0D6516A258D0000A774B /* VoicedAh.htm in Resources */ = {isa = PBXBuildFile; fileRef = 47DC0D5916A258D0000A774B /* VoicedAh.htm */; };
		47DC0D6616A258D0000A774B /* voicedahtext.htm in Resources */ = {isa = PBXBuildFile; fileRef = 47DC0D5A16A258D0000A774B /* voicedahtext.htm */; };
		47DC0D6716A258D0000A774B /* MVWlesson.htm in Resources */ = {isa = PBXBuildFile; fileRef = 47DC0D5B16A258D0000A774B /* MVWlesson.htm */; };
		47DC0D6816A258D0000A774B /* CompleteMVW.htm in Resources */ = {isa = PBXBuildFile; fileRef = 47DC0D5C16A258D0000A774B /* CompleteMVW.htm */; };
		47DDB5C6169ED414000A9A2B /* logo 200 px.jpg in Resources */ = {isa = PBXBuildFile; fileRef = 47DDB5C5169ED414000A9A2B /* logo 200 px.jpg */; };
		47DDB5C8169ED434000A9A2B /* IMG_3404.JPG in Resources */ = {isa = PBXBuildFile; fileRef = 47DDB5C7169ED434000A9A2B /* IMG_3404.JPG */; };
		47DDB5DA169ED53D000A9A2B /* WhatIsBeingInVoice.htm in Resources */ = {isa = PBXBuildFile; fileRef = 47DDB5D7169ED53D000A9A2B /* WhatIsBeingInVoice.htm */; };
		47DDB5DB169ED53D000A9A2B /* WhyWarmup.htm in Resources */ = {isa = PBXBuildFile; fileRef = 47DDB5D8169ED53D000A9A2B /* WhyWarmup.htm */; };
		47DDB5E7169ED5B1000A9A2B /* intro text.htm in Resources */ = {isa = PBXBuildFile; fileRef = 47DDB5E4169ED5B1000A9A2B /* intro text.htm */; };
		47DDB5EB169ED5C1000A9A2B /* BeforeYouMakeASound.htm in Resources */ = {isa = PBXBuildFile; fileRef = 47DDB5EA169ED5C1000A9A2B /* BeforeYouMakeASound.htm */; };
		47DDB5F0169ED5EF000A9A2B /* 03BeinginBodytext.htm in Resources */ = {isa = PBXBuildFile; fileRef = 47DDB5ED169ED5EF000A9A2B /* 03BeinginBodytext.htm */; };
		47DDB5F1169ED5EF000A9A2B /* 04posturetext.htm in Resources */ = {isa = PBXBuildFile; fileRef = 47DDB5EE169ED5EF000A9A2B /* 04posturetext.htm */; };
		47DDB5F2169ED5EF000A9A2B /* 05rollingspinetext.htm in Resources */ = {isa = PBXBuildFile; fileRef = 47DDB5EF169ED5EF000A9A2B /* 05rollingspinetext.htm */; };
		47DDB5F6169ED614000A9A2B /* Breath Exercises Text.htm in Resources */ = {isa = PBXBuildFile; fileRef = 47DDB5F3169ED614000A9A2B /* Breath Exercises Text.htm */; };
		47DDB5F7169ED614000A9A2B /* BeingInBreath.htm in Resources */ = {isa = PBXBuildFile; fileRef = 47DDB5F4169ED614000A9A2B /* BeingInBreath.htm */; };
		47DDB5F8169ED614000A9A2B /* BreathExercises.htm in Resources */ = {isa = PBXBuildFile; fileRef = 47DDB5F5169ED614000A9A2B /* BreathExercises.htm */; };
		47DDB61C169ED689000A9A2B /* articulationtext.htm in Resources */ = {isa = PBXBuildFile; fileRef = 47DDB615169ED689000A9A2B /* articulationtext.htm */; };
		47DDB61E169ED689000A9A2B /* finishwithfocustxt.htm in Resources */ = {isa = PBXBuildFile; fileRef = 47DDB617169ED689000A9A2B /* finishwithfocustxt.htm */; };
		47DF7549169839990054B51C /* AudioToolbox.framework in Frameworks */ = {isa = PBXBuildFile; fileRef = 47DF7548169839990054B51C /* AudioToolbox.framework */; };
		47DF75591698501F0054B51C /* forward.png in Resources */ = {isa = PBXBuildFile; fileRef = 47DF75511698501E0054B51C /* forward.png */; };
		47DF755A1698501F0054B51C /* pause.png in Resources */ = {isa = PBXBuildFile; fileRef = 47DF75521698501E0054B51C /* pause.png */; };
		47DF755B1698501F0054B51C /* play.png in Resources */ = {isa = PBXBuildFile; fileRef = 47DF75531698501F0054B51C /* play.png */; };
		47DF755C1698501F0054B51C /* rewind.png in Resources */ = {isa = PBXBuildFile; fileRef = 47DF75541698501F0054B51C /* rewind.png */; };
		47DF755D1698501F0054B51C /* sound_meter_background.png in Resources */ = {isa = PBXBuildFile; fileRef = 47DF75551698501F0054B51C /* sound_meter_background.png */; };
		47DF755E1698501F0054B51C /* sound_meter_glare.png in Resources */ = {isa = PBXBuildFile; fileRef = 47DF75561698501F0054B51C /* sound_meter_glare.png */; };
		47DF755F1698501F0054B51C /* volume_down.png in Resources */ = {isa = PBXBuildFile; fileRef = 47DF75571698501F0054B51C /* volume_down.png */; };
		47DF75601698501F0054B51C /* volume_up.png in Resources */ = {isa = PBXBuildFile; fileRef = 47DF75581698501F0054B51C /* volume_up.png */; };
		47DF7569169910F90054B51C /* UIAudioControl.m in Sources */ = {isa = PBXBuildFile; fileRef = 47DF7568169910F90054B51C /* UIAudioControl.m */; };
		47DF756B16994A740054B51C /* QuartzCore.framework in Frameworks */ = {isa = PBXBuildFile; fileRef = 47DF756A16994A730054B51C /* QuartzCore.framework */; };
		47DFC6841692D5F7002856B8 /* UIKit.framework in Frameworks */ = {isa = PBXBuildFile; fileRef = 47DFC6831692D5F7002856B8 /* UIKit.framework */; };
		47DFC6861692D5F7002856B8 /* Foundation.framework in Frameworks */ = {isa = PBXBuildFile; fileRef = 47DFC6851692D5F7002856B8 /* Foundation.framework */; };
		47DFC6881692D5F7002856B8 /* CoreGraphics.framework in Frameworks */ = {isa = PBXBuildFile; fileRef = 47DFC6871692D5F7002856B8 /* CoreGraphics.framework */; };
		47DFC68E1692D5F7002856B8 /* InfoPlist.strings in Resources */ = {isa = PBXBuildFile; fileRef = 47DFC68C1692D5F7002856B8 /* InfoPlist.strings */; };
		47DFC6901692D5F7002856B8 /* main.m in Sources */ = {isa = PBXBuildFile; fileRef = 47DFC68F1692D5F7002856B8 /* main.m */; };
		47DFC6941692D5F7002856B8 /* voiceAppDelegate.m in Sources */ = {isa = PBXBuildFile; fileRef = 47DFC6931692D5F7002856B8 /* voiceAppDelegate.m */; };
		47DFC6961692D5F7002856B8 /* Default.png in Resources */ = {isa = PBXBuildFile; fileRef = 47DFC6951692D5F7002856B8 /* Default.png */; };
		47DFC6981692D5F7002856B8 /* Default@2x.png in Resources */ = {isa = PBXBuildFile; fileRef = 47DFC6971692D5F7002856B8 /* Default@2x.png */; };
		47DFC69A1692D5F7002856B8 /* Default-568h@2x.png in Resources */ = {isa = PBXBuildFile; fileRef = 47DFC6991692D5F7002856B8 /* Default-568h@2x.png */; };
		47DFC69D1692D5F7002856B8 /* MainStoryboard_iPhone.storyboard in Resources */ = {isa = PBXBuildFile; fileRef = 47DFC69B1692D5F7002856B8 /* MainStoryboard_iPhone.storyboard */; };
		47DFC6A01692D5F7002856B8 /* MainStoryboard_iPad.storyboard in Resources */ = {isa = PBXBuildFile; fileRef = 47DFC69E1692D5F7002856B8 /* MainStoryboard_iPad.storyboard */; };
		47DFC6A31692D5F7002856B8 /* voiceMasterViewController.m in Sources */ = {isa = PBXBuildFile; fileRef = 47DFC6A21692D5F7002856B8 /* voiceMasterViewController.m */; };
		47DFC6A61692D5F7002856B8 /* voiceDetailViewController.m in Sources */ = {isa = PBXBuildFile; fileRef = 47DFC6A51692D5F7002856B8 /* voiceDetailViewController.m */; };
		47DFC6AE1692E246002856B8 /* HtmlArticle.m in Sources */ = {isa = PBXBuildFile; fileRef = 47DFC6AD1692E246002856B8 /* HtmlArticle.m */; };
		47DFC6B41692E4BF002856B8 /* voiceDataController.m in Sources */ = {isa = PBXBuildFile; fileRef = 47DFC6B31692E4BF002856B8 /* voiceDataController.m */; };
		47E04BAA169803630067A08B /* test.htm in Resources */ = {isa = PBXBuildFile; fileRef = 47E04BA9169803620067A08B /* test.htm */; };
		47E04BC1169806FA0067A08B /* bibintro.mp3 in Resources */ = {isa = PBXBuildFile; fileRef = 47E04BB0169806FA0067A08B /* bibintro.mp3 */; };
		47E04BC2169806FA0067A08B /* Breath.mp3 in Resources */ = {isa = PBXBuildFile; fileRef = 47E04BB1169806FA0067A08B /* Breath.mp3 */; };
		47E04BC3169806FA0067A08B /* CompleteMVW.mp3 in Resources */ = {isa = PBXBuildFile; fileRef = 47E04BB2169806FA0067A08B /* CompleteMVW.mp3 */; };
		47E04BC4169806FA0067A08B /* Hum.mp3 in Resources */ = {isa = PBXBuildFile; fileRef = 47E04BB3169806FA0067A08B /* Hum.mp3 */; };
		47E04BC6169806FA0067A08B /* MVW.mp3 in Resources */ = {isa = PBXBuildFile; fileRef = 47E04BB5169806FA0067A08B /* MVW.mp3 */; };
		47E04BC8169806FA0067A08B /* Sigh.mp3 in Resources */ = {isa = PBXBuildFile; fileRef = 47E04BB7169806FA0067A08B /* Sigh.mp3 */; };
		47E04BC9169806FA0067A08B /* SighingAh.mp3 in Resources */ = {isa = PBXBuildFile; fileRef = 47E04BB8169806FA0067A08B /* SighingAh.mp3 */; };
		47E04BCA169806FA0067A08B /* thats my idea.mp3 in Resources */ = {isa = PBXBuildFile; fileRef = 47E04BB9169806FA0067A08B /* thats my idea.mp3 */; };
		47E04BCB169806FA0067A08B /* TrillDown.mp3 in Resources */ = {isa = PBXBuildFile; fileRef = 47E04BBA169806FA0067A08B /* TrillDown.mp3 */; };
		47E04BCC169806FA0067A08B /* TrillUp.mp3 in Resources */ = {isa = PBXBuildFile; fileRef = 47E04BBB169806FA0067A08B /* TrillUp.mp3 */; };
		47E04BCD169806FA0067A08B /* Vocal Maintenance.mp3 in Resources */ = {isa = PBXBuildFile; fileRef = 47E04BBC169806FA0067A08B /* Vocal Maintenance.mp3 */; };
		47E04BCE169806FA0067A08B /* VoicedAh.mp3 in Resources */ = {isa = PBXBuildFile; fileRef = 47E04BBD169806FA0067A08B /* VoicedAh.mp3 */; };
		47E04BCF169806FA0067A08B /* HowToUseMVW.mp3 in Resources */ = {isa = PBXBuildFile; fileRef = 47E04BBE169806FA0067A08B /* HowToUseMVW.mp3 */; };
		47E04BD11698095D0067A08B /* AVFoundation.framework in Frameworks */ = {isa = PBXBuildFile; fileRef = 47E04BD01698095D0067A08B /* AVFoundation.framework */; };
		47F6EE5C16BA4323004F4E32 /* MVWlesson.mp3 in Resources */ = {isa = PBXBuildFile; fileRef = 47F6EE5B16BA4323004F4E32 /* MVWlesson.mp3 */; };
/* End PBXBuildFile section */

/* Begin PBXFileReference section */
		4773FF4416BE9AC300D3F1EC /* Contact.htm */ = {isa = PBXFileReference; fileEncoding = 4; lastKnownFileType = text.html; path = Contact.htm; sourceTree = "<group>"; };
		4786500016D368DB00244826 /* FastAscendingTrill.mp3 */ = {isa = PBXFileReference; lastKnownFileType = audio.mp3; path = FastAscendingTrill.mp3; sourceTree = "<group>"; };
		4786500216D59FA400244826 /* Articulation.mp3 */ = {isa = PBXFileReference; lastKnownFileType = audio.mp3; path = Articulation.mp3; sourceTree = "<group>"; };
		4786500416D59FAF00244826 /* Resonance.mp3 */ = {isa = PBXFileReference; lastKnownFileType = audio.mp3; path = Resonance.mp3; sourceTree = "<group>"; };
		4786500616D5D44700244826 /* FastDescendingTrill.mp3 */ = {isa = PBXFileReference; lastKnownFileType = audio.mp3; path = FastDescendingTrill.mp3; sourceTree = "<group>"; };
		4786500816D5DAF100244826 /* StandEasy.mp3 */ = {isa = PBXFileReference; lastKnownFileType = audio.mp3; path = StandEasy.mp3; sourceTree = "<group>"; };
		47CC5F2116AE2EFF00FF0DC8 /* Welcome.mp3 */ = {isa = PBXFileReference; lastKnownFileType = audio.mp3; path = Welcome.mp3; sourceTree = "<group>"; };
		47CC5F2416B0045100FF0DC8 /* VocalMaintenanceProgram.mp3 */ = {isa = PBXFileReference; lastKnownFileType = audio.mp3; path = VocalMaintenanceProgram.mp3; sourceTree = "<group>"; };
		47D8975E16A292DD0012E99E /* VocalMaintenanceProgram.htm */ = {isa = PBXFileReference; fileEncoding = 4; lastKnownFileType = text.html; path = VocalMaintenanceProgram.htm; sourceTree = "<group>"; };
		47D8976016A292FC0012E99E /* Resonance.htm */ = {isa = PBXFileReference; fileEncoding = 4; lastKnownFileType = text.html; path = Resonance.htm; sourceTree = "<group>"; };
		47D8976216A293120012E99E /* FinishWithFocus.htm */ = {isa = PBXFileReference; fileEncoding = 4; lastKnownFileType = text.html; path = FinishWithFocus.htm; sourceTree = "<group>"; };
		47D8976416A2931E0012E99E /* Articulation.htm */ = {isa = PBXFileReference; fileEncoding = 4; lastKnownFileType = text.html; path = Articulation.htm; sourceTree = "<group>"; };
		47D8976F16A297BE0012E99E /* HowBreathWorks.htm */ = {isa = PBXFileReference; fileEncoding = 4; lastKnownFileType = text.html; path = HowBreathWorks.htm; sourceTree = "<group>"; };
		47D8977016A297BE0012E99E /* HowSpeechWorks.htm */ = {isa = PBXFileReference; fileEncoding = 4; lastKnownFileType = text.html; path = HowSpeechWorks.htm; sourceTree = "<group>"; };
		47D8977116A297BE0012E99E /* HowVoiceWorks.htm */ = {isa = PBXFileReference; fileEncoding = 4; lastKnownFileType = text.html; path = HowVoiceWorks.htm; sourceTree = "<group>"; };
		47D8977216A297BE0012E99E /* VoiceMatters.htm */ = {isa = PBXFileReference; fileEncoding = 4; lastKnownFileType = text.html; path = VoiceMatters.htm; sourceTree = "<group>"; };
		47D8977816A298190012E99E /* AboutBeingInVoice.htm */ = {isa = PBXFileReference; fileEncoding = 4; lastKnownFileType = text.html; path = AboutBeingInVoice.htm; sourceTree = "<group>"; };
		47D8977916A298190012E99E /* AboutThisApp.htm */ = {isa = PBXFileReference; fileEncoding = 4; lastKnownFileType = text.html; path = AboutThisApp.htm; sourceTree = "<group>"; };
		47D8977A16A298190012E99E /* PrivacyPolicy.htm */ = {isa = PBXFileReference; fileEncoding = 4; lastKnownFileType = text.html; path = PrivacyPolicy.htm; sourceTree = "<group>"; };
		47D89F1616A2AA130000367B /* ContactBeingInVoice.htm */ = {isa = PBXFileReference; fileEncoding = 4; lastKnownFileType = text.html; path = ContactBeingInVoice.htm; sourceTree = "<group>"; };
		47D89F1E16A2CCAB0000367B /* BeforeYouMakeASound.mp3 */ = {isa = PBXFileReference; lastKnownFileType = audio.mp3; path = BeforeYouMakeASound.mp3; sourceTree = "<group>"; };
		47D89F2016A2CEDE0000367B /* MoveEasy.mp3 */ = {isa = PBXFileReference; lastKnownFileType = audio.mp3; path = MoveEasy.mp3; sourceTree = "<group>"; };
		47D89F2216A2D16F0000367B /* BreathExercises.mp3 */ = {isa = PBXFileReference; lastKnownFileType = audio.mp3; name = BreathExercises.mp3; path = VoiceApp/audio/BreathExercises.mp3; sourceTree = SOURCE_ROOT; };
		47D89F2416A2D4430000367B /* logo 360.jpg */ = {isa = PBXFileReference; lastKnownFileType = image.jpeg; name = "logo 360.jpg"; path = "VoiceApp/images/logo 360.jpg"; sourceTree = "<group>"; };
		47D89F2616A2D6620000367B /* FlloydKennedy.jpg */ = {isa = PBXFileReference; lastKnownFileType = image.jpeg; name = FlloydKennedy.jpg; path = VoiceApp/images/FlloydKennedy.jpg; sourceTree = "<group>"; };
		47D89F2816A2DB890000367B /* BeingInBreath.mp3 */ = {isa = PBXFileReference; lastKnownFileType = audio.mp3; path = BeingInBreath.mp3; sourceTree = "<group>"; };
		47DB014716A19576004F2F58 /* bar-background.png */ = {isa = PBXFileReference; lastKnownFileType = image.png; name = "bar-background.png"; path = "VoiceApp/images/bar-background.png"; sourceTree = "<group>"; };
		47DB014816A19576004F2F58 /* bar-background@2x.png */ = {isa = PBXFileReference; lastKnownFileType = image.png; name = "bar-background@2x.png"; path = "VoiceApp/images/bar-background@2x.png"; sourceTree = "<group>"; };
		47DB014916A19576004F2F58 /* bar-highlight.png */ = {isa = PBXFileReference; lastKnownFileType = image.png; name = "bar-highlight.png"; path = "VoiceApp/images/bar-highlight.png"; sourceTree = "<group>"; };
		47DB014A16A19576004F2F58 /* bar-highlight@2x.png */ = {isa = PBXFileReference; lastKnownFileType = image.png; name = "bar-highlight@2x.png"; path = "VoiceApp/images/bar-highlight@2x.png"; sourceTree = "<group>"; };
		47DB014B16A19576004F2F58 /* Color Palette by Color Scheme Generator.html */ = {isa = PBXFileReference; fileEncoding = 4; lastKnownFileType = text.html; name = "Color Palette by Color Scheme Generator.html"; path = "VoiceApp/images/Color Palette by Color Scheme Generator.html"; sourceTree = "<group>"; };
		47DB014C16A19576004F2F58 /* colour palatte xml file.xml */ = {isa = PBXFileReference; fileEncoding = 4; lastKnownFileType = text.xml; name = "colour palatte xml file.xml"; path = "VoiceApp/images/colour palatte xml file.xml"; sourceTree = "<group>"; };
		47DB014D16A19576004F2F58 /* handle-hover.png */ = {isa = PBXFileReference; lastKnownFileType = image.png; name = "handle-hover.png"; path = "VoiceApp/images/handle-hover.png"; sourceTree = "<group>"; };
		47DB014E16A19576004F2F58 /* handle-hover@2x.png */ = {isa = PBXFileReference; lastKnownFileType = image.png; name = "handle-hover@2x.png"; path = "VoiceApp/images/handle-hover@2x.png"; sourceTree = "<group>"; };
		47DB014F16A19576004F2F58 /* handle.png */ = {isa = PBXFileReference; lastKnownFileType = image.png; name = handle.png; path = VoiceApp/images/handle.png; sourceTree = "<group>"; };
		47DB015016A19576004F2F58 /* handle@2x.png */ = {isa = PBXFileReference; lastKnownFileType = image.png; name = "handle@2x.png"; path = "VoiceApp/images/handle@2x.png"; sourceTree = "<group>"; };
		47DB016016A1A768004F2F58 /* beinginvoice.css */ = {isa = PBXFileReference; fileEncoding = 4; lastKnownFileType = text.css; name = beinginvoice.css; path = VoiceApp/html/beinginvoice.css; sourceTree = "<group>"; };
		47DB016216A1AAD6004F2F58 /* MoveEasy.htm */ = {isa = PBXFileReference; fileEncoding = 4; lastKnownFileType = text.html; path = MoveEasy.htm; sourceTree = "<group>"; };
		47DB016316A1AAD6004F2F58 /* StandEasy.htm */ = {isa = PBXFileReference; fileEncoding = 4; lastKnownFileType = text.html; path = StandEasy.htm; sourceTree = "<group>"; };
		47DC0D5116A258D0000A774B /* FastAscendingTrill.htm */ = {isa = PBXFileReference; fileEncoding = 4; lastKnownFileType = text.html; path = FastAscendingTrill.htm; sourceTree = "<group>"; };
		47DC0D5216A258D0000A774B /* FastAscendingTrilltext.htm */ = {isa = PBXFileReference; fileEncoding = 4; lastKnownFileType = text.html; path = FastAscendingTrilltext.htm; sourceTree = "<group>"; };
		47DC0D5316A258D0000A774B /* FastDescendingTrill.htm */ = {isa = PBXFileReference; fileEncoding = 4; lastKnownFileType = text.html; path = FastDescendingTrill.htm; sourceTree = "<group>"; };
		47DC0D5416A258D0000A774B /* HowToUseMVW.htm */ = {isa = PBXFileReference; fileEncoding = 4; lastKnownFileType = text.html; path = HowToUseMVW.htm; sourceTree = "<group>"; };
		47DC0D5516A258D0000A774B /* Hum.htm */ = {isa = PBXFileReference; fileEncoding = 4; lastKnownFileType = text.html; path = Hum.htm; sourceTree = "<group>"; };
		47DC0D5616A258D0000A774B /* Humtext.htm */ = {isa = PBXFileReference; fileEncoding = 4; lastKnownFileType = text.html; path = Humtext.htm; sourceTree = "<group>"; };
		47DC0D5716A258D0000A774B /* Sigh.htm */ = {isa = PBXFileReference; fileEncoding = 4; lastKnownFileType = text.html; path = Sigh.htm; sourceTree = "<group>"; };
		47DC0D5816A258D0000A774B /* SighingAh.htm */ = {isa = PBXFileReference; fileEncoding = 4; lastKnownFileType = text.html; path = SighingAh.htm; sourceTree = "<group>"; };
		47DC0D5916A258D0000A774B /* VoicedAh.htm */ = {isa = PBXFileReference; fileEncoding = 4; lastKnownFileType = text.html; path = VoicedAh.htm; sourceTree = "<group>"; };
		47DC0D5A16A258D0000A774B /* voicedahtext.htm */ = {isa = PBXFileReference; fileEncoding = 4; lastKnownFileType = text.html; path = voicedahtext.htm; sourceTree = "<group>"; };
		47DC0D5B16A258D0000A774B /* MVWlesson.htm */ = {isa = PBXFileReference; fileEncoding = 4; lastKnownFileType = text.html; path = MVWlesson.htm; sourceTree = "<group>"; };
		47DC0D5C16A258D0000A774B /* CompleteMVW.htm */ = {isa = PBXFileReference; fileEncoding = 4; lastKnownFileType = text.html; path = CompleteMVW.htm; sourceTree = "<group>"; };
		47DDB5C5169ED414000A9A2B /* logo 200 px.jpg */ = {isa = PBXFileReference; lastKnownFileType = image.jpeg; name = "logo 200 px.jpg"; path = "../../Pictures/iPhoto Library/Masters/2011/05/27/20110527-104832/logo 200 px.jpg"; sourceTree = "<group>"; };
		47DDB5C7169ED434000A9A2B /* IMG_3404.JPG */ = {isa = PBXFileReference; lastKnownFileType = image.jpeg; name = IMG_3404.JPG; path = "../../Pictures/iPhoto Library/Previews/2012/06/19/20120619-151606/CNXhQDXlTPiTLF4vV2KmQg/IMG_3404.JPG"; sourceTree = "<group>"; };
		47DDB5D7169ED53D000A9A2B /* WhatIsBeingInVoice.htm */ = {isa = PBXFileReference; fileEncoding = 4; lastKnownFileType = text.html; name = WhatIsBeingInVoice.htm; path = VoiceApp/html/01Welcome/WhatIsBeingInVoice.htm; sourceTree = SOURCE_ROOT; };
		47DDB5D8169ED53D000A9A2B /* WhyWarmup.htm */ = {isa = PBXFileReference; fileEncoding = 4; lastKnownFileType = text.html; name = WhyWarmup.htm; path = VoiceApp/html/01Welcome/WhyWarmup.htm; sourceTree = SOURCE_ROOT; };
		47DDB5E4169ED5B1000A9A2B /* intro text.htm */ = {isa = PBXFileReference; fileEncoding = 4; lastKnownFileType = text.html; path = "intro text.htm"; sourceTree = "<group>"; };
		47DDB5EA169ED5C1000A9A2B /* BeforeYouMakeASound.htm */ = {isa = PBXFileReference; fileEncoding = 4; lastKnownFileType = text.html; path = BeforeYouMakeASound.htm; sourceTree = "<group>"; };
		47DDB5ED169ED5EF000A9A2B /* 03BeinginBodytext.htm */ = {isa = PBXFileReference; fileEncoding = 4; lastKnownFileType = text.html; path = 03BeinginBodytext.htm; sourceTree = "<group>"; };
		47DDB5EE169ED5EF000A9A2B /* 04posturetext.htm */ = {isa = PBXFileReference; fileEncoding = 4; lastKnownFileType = text.html; path = 04posturetext.htm; sourceTree = "<group>"; };
		47DDB5EF169ED5EF000A9A2B /* 05rollingspinetext.htm */ = {isa = PBXFileReference; fileEncoding = 4; lastKnownFileType = text.html; path = 05rollingspinetext.htm; sourceTree = "<group>"; };
		47DDB5F3169ED614000A9A2B /* Breath Exercises Text.htm */ = {isa = PBXFileReference; fileEncoding = 4; lastKnownFileType = text.html; path = "Breath Exercises Text.htm"; sourceTree = "<group>"; };
		47DDB5F4169ED614000A9A2B /* BeingInBreath.htm */ = {isa = PBXFileReference; fileEncoding = 4; lastKnownFileType = text.html; path = BeingInBreath.htm; sourceTree = "<group>"; };
		47DDB5F5169ED614000A9A2B /* BreathExercises.htm */ = {isa = PBXFileReference; fileEncoding = 4; lastKnownFileType = text.html; path = BreathExercises.htm; sourceTree = "<group>"; };
		47DDB615169ED689000A9A2B /* articulationtext.htm */ = {isa = PBXFileReference; fileEncoding = 4; lastKnownFileType = text.html; path = articulationtext.htm; sourceTree = "<group>"; };
		47DDB617169ED689000A9A2B /* finishwithfocustxt.htm */ = {isa = PBXFileReference; fileEncoding = 4; lastKnownFileType = text.html; path = finishwithfocustxt.htm; sourceTree = "<group>"; };
		47DF7548169839990054B51C /* AudioToolbox.framework */ = {isa = PBXFileReference; lastKnownFileType = wrapper.framework; name = AudioToolbox.framework; path = System/Library/Frameworks/AudioToolbox.framework; sourceTree = SDKROOT; };
		47DF75511698501E0054B51C /* forward.png */ = {isa = PBXFileReference; lastKnownFileType = image.png; name = forward.png; path = VoiceApp/images/forward.png; sourceTree = "<group>"; };
		47DF75521698501E0054B51C /* pause.png */ = {isa = PBXFileReference; lastKnownFileType = image.png; name = pause.png; path = VoiceApp/images/pause.png; sourceTree = "<group>"; };
		47DF75531698501F0054B51C /* play.png */ = {isa = PBXFileReference; lastKnownFileType = image.png; name = play.png; path = VoiceApp/images/play.png; sourceTree = "<group>"; };
		47DF75541698501F0054B51C /* rewind.png */ = {isa = PBXFileReference; lastKnownFileType = image.png; name = rewind.png; path = VoiceApp/images/rewind.png; sourceTree = "<group>"; };
		47DF75551698501F0054B51C /* sound_meter_background.png */ = {isa = PBXFileReference; lastKnownFileType = image.png; name = sound_meter_background.png; path = VoiceApp/images/sound_meter_background.png; sourceTree = "<group>"; };
		47DF75561698501F0054B51C /* sound_meter_glare.png */ = {isa = PBXFileReference; lastKnownFileType = image.png; name = sound_meter_glare.png; path = VoiceApp/images/sound_meter_glare.png; sourceTree = "<group>"; };
		47DF75571698501F0054B51C /* volume_down.png */ = {isa = PBXFileReference; lastKnownFileType = image.png; name = volume_down.png; path = VoiceApp/images/volume_down.png; sourceTree = "<group>"; };
		47DF75581698501F0054B51C /* volume_up.png */ = {isa = PBXFileReference; lastKnownFileType = image.png; name = volume_up.png; path = VoiceApp/images/volume_up.png; sourceTree = "<group>"; };
		47DF7567169910F80054B51C /* UIAudioControl.h */ = {isa = PBXFileReference; fileEncoding = 4; lastKnownFileType = sourcecode.c.h; path = UIAudioControl.h; sourceTree = "<group>"; };
		47DF7568169910F90054B51C /* UIAudioControl.m */ = {isa = PBXFileReference; fileEncoding = 4; lastKnownFileType = sourcecode.c.objc; path = UIAudioControl.m; sourceTree = "<group>"; };
		47DF756A16994A730054B51C /* QuartzCore.framework */ = {isa = PBXFileReference; lastKnownFileType = wrapper.framework; name = QuartzCore.framework; path = System/Library/Frameworks/QuartzCore.framework; sourceTree = SDKROOT; };
		47DFC67F1692D5F7002856B8 /* VoiceApp.app */ = {isa = PBXFileReference; explicitFileType = wrapper.application; includeInIndex = 0; path = VoiceApp.app; sourceTree = BUILT_PRODUCTS_DIR; };
		47DFC6831692D5F7002856B8 /* UIKit.framework */ = {isa = PBXFileReference; lastKnownFileType = wrapper.framework; name = UIKit.framework; path = System/Library/Frameworks/UIKit.framework; sourceTree = SDKROOT; };
		47DFC6851692D5F7002856B8 /* Foundation.framework */ = {isa = PBXFileReference; lastKnownFileType = wrapper.framework; name = Foundation.framework; path = System/Library/Frameworks/Foundation.framework; sourceTree = SDKROOT; };
		47DFC6871692D5F7002856B8 /* CoreGraphics.framework */ = {isa = PBXFileReference; lastKnownFileType = wrapper.framework; name = CoreGraphics.framework; path = System/Library/Frameworks/CoreGraphics.framework; sourceTree = SDKROOT; };
		47DFC68B1692D5F7002856B8 /* VoiceApp-Info.plist */ = {isa = PBXFileReference; lastKnownFileType = text.plist.xml; path = "VoiceApp-Info.plist"; sourceTree = "<group>"; };
		47DFC68D1692D5F7002856B8 /* en */ = {isa = PBXFileReference; lastKnownFileType = text.plist.strings; name = en; path = en.lproj/InfoPlist.strings; sourceTree = "<group>"; };
		47DFC68F1692D5F7002856B8 /* main.m */ = {isa = PBXFileReference; lastKnownFileType = sourcecode.c.objc; path = main.m; sourceTree = "<group>"; };
		47DFC6911692D5F7002856B8 /* VoiceApp-Prefix.pch */ = {isa = PBXFileReference; lastKnownFileType = sourcecode.c.h; path = "VoiceApp-Prefix.pch"; sourceTree = "<group>"; };
		47DFC6921692D5F7002856B8 /* voiceAppDelegate.h */ = {isa = PBXFileReference; lastKnownFileType = sourcecode.c.h; path = voiceAppDelegate.h; sourceTree = "<group>"; };
		47DFC6931692D5F7002856B8 /* voiceAppDelegate.m */ = {isa = PBXFileReference; lastKnownFileType = sourcecode.c.objc; path = voiceAppDelegate.m; sourceTree = "<group>"; };
		47DFC6951692D5F7002856B8 /* Default.png */ = {isa = PBXFileReference; lastKnownFileType = image.png; path = Default.png; sourceTree = "<group>"; };
		47DFC6971692D5F7002856B8 /* Default@2x.png */ = {isa = PBXFileReference; lastKnownFileType = image.png; path = "Default@2x.png"; sourceTree = "<group>"; };
		47DFC6991692D5F7002856B8 /* Default-568h@2x.png */ = {isa = PBXFileReference; lastKnownFileType = image.png; path = "Default-568h@2x.png"; sourceTree = "<group>"; };
		47DFC69C1692D5F7002856B8 /* en */ = {isa = PBXFileReference; lastKnownFileType = file.storyboard; name = en; path = en.lproj/MainStoryboard_iPhone.storyboard; sourceTree = "<group>"; };
		47DFC69F1692D5F7002856B8 /* en */ = {isa = PBXFileReference; lastKnownFileType = file.storyboard; name = en; path = en.lproj/MainStoryboard_iPad.storyboard; sourceTree = "<group>"; };
		47DFC6A11692D5F7002856B8 /* voiceMasterViewController.h */ = {isa = PBXFileReference; lastKnownFileType = sourcecode.c.h; path = voiceMasterViewController.h; sourceTree = "<group>"; };
		47DFC6A21692D5F7002856B8 /* voiceMasterViewController.m */ = {isa = PBXFileReference; lastKnownFileType = sourcecode.c.objc; path = voiceMasterViewController.m; sourceTree = "<group>"; };
		47DFC6A41692D5F7002856B8 /* voiceDetailViewController.h */ = {isa = PBXFileReference; lastKnownFileType = sourcecode.c.h; path = voiceDetailViewController.h; sourceTree = "<group>"; };
		47DFC6A51692D5F7002856B8 /* voiceDetailViewController.m */ = {isa = PBXFileReference; lastKnownFileType = sourcecode.c.objc; path = voiceDetailViewController.m; sourceTree = "<group>"; };
		47DFC6AC1692E246002856B8 /* HtmlArticle.h */ = {isa = PBXFileReference; fileEncoding = 4; lastKnownFileType = sourcecode.c.h; path = HtmlArticle.h; sourceTree = "<group>"; };
		47DFC6AD1692E246002856B8 /* HtmlArticle.m */ = {isa = PBXFileReference; fileEncoding = 4; lastKnownFileType = sourcecode.c.objc; path = HtmlArticle.m; sourceTree = "<group>"; };
		47DFC6B21692E4BF002856B8 /* voiceDataController.h */ = {isa = PBXFileReference; fileEncoding = 4; lastKnownFileType = sourcecode.c.h; path = voiceDataController.h; sourceTree = "<group>"; };
		47DFC6B31692E4BF002856B8 /* voiceDataController.m */ = {isa = PBXFileReference; fileEncoding = 4; lastKnownFileType = sourcecode.c.objc; path = voiceDataController.m; sourceTree = "<group>"; };
		47E04BA9169803620067A08B /* test.htm */ = {isa = PBXFileReference; fileEncoding = 4; lastKnownFileType = text.html; name = test.htm; path = VoiceApp/test.htm; sourceTree = "<group>"; };
		47E04BB0169806FA0067A08B /* bibintro.mp3 */ = {isa = PBXFileReference; lastKnownFileType = audio.mp3; path = bibintro.mp3; sourceTree = "<group>"; };
		47E04BB1169806FA0067A08B /* Breath.mp3 */ = {isa = PBXFileReference; lastKnownFileType = audio.mp3; path = Breath.mp3; sourceTree = "<group>"; };
		47E04BB2169806FA0067A08B /* CompleteMVW.mp3 */ = {isa = PBXFileReference; lastKnownFileType = audio.mp3; path = CompleteMVW.mp3; sourceTree = "<group>"; };
		47E04BB3169806FA0067A08B /* Hum.mp3 */ = {isa = PBXFileReference; lastKnownFileType = audio.mp3; path = Hum.mp3; sourceTree = "<group>"; };
		47E04BB5169806FA0067A08B /* MVW.mp3 */ = {isa = PBXFileReference; lastKnownFileType = audio.mp3; path = MVW.mp3; sourceTree = "<group>"; };
		47E04BB7169806FA0067A08B /* Sigh.mp3 */ = {isa = PBXFileReference; lastKnownFileType = audio.mp3; path = Sigh.mp3; sourceTree = "<group>"; };
		47E04BB8169806FA0067A08B /* SighingAh.mp3 */ = {isa = PBXFileReference; lastKnownFileType = audio.mp3; path = SighingAh.mp3; sourceTree = "<group>"; };
		47E04BB9169806FA0067A08B /* thats my idea.mp3 */ = {isa = PBXFileReference; lastKnownFileType = audio.mp3; path = "thats my idea.mp3"; sourceTree = "<group>"; };
		47E04BBA169806FA0067A08B /* TrillDown.mp3 */ = {isa = PBXFileReference; lastKnownFileType = audio.mp3; path = TrillDown.mp3; sourceTree = "<group>"; };
		47E04BBB169806FA0067A08B /* TrillUp.mp3 */ = {isa = PBXFileReference; lastKnownFileType = audio.mp3; path = TrillUp.mp3; sourceTree = "<group>"; };
		47E04BBC169806FA0067A08B /* Vocal Maintenance.mp3 */ = {isa = PBXFileReference; lastKnownFileType = audio.mp3; path = "Vocal Maintenance.mp3"; sourceTree = "<group>"; };
		47E04BBD169806FA0067A08B /* VoicedAh.mp3 */ = {isa = PBXFileReference; lastKnownFileType = audio.mp3; path = VoicedAh.mp3; sourceTree = "<group>"; };
		47E04BBE169806FA0067A08B /* HowToUseMVW.mp3 */ = {isa = PBXFileReference; lastKnownFileType = audio.mp3; path = HowToUseMVW.mp3; sourceTree = "<group>"; };
		47E04BD01698095D0067A08B /* AVFoundation.framework */ = {isa = PBXFileReference; lastKnownFileType = wrapper.framework; name = AVFoundation.framework; path = System/Library/Frameworks/AVFoundation.framework; sourceTree = SDKROOT; };
		47F6EE5B16BA4323004F4E32 /* MVWlesson.mp3 */ = {isa = PBXFileReference; lastKnownFileType = audio.mp3; path = MVWlesson.mp3; sourceTree = "<group>"; };
/* End PBXFileReference section */

/* Begin PBXFrameworksBuildPhase section */
		47DFC67C1692D5F7002856B8 /* Frameworks */ = {
			isa = PBXFrameworksBuildPhase;
			buildActionMask = 2147483647;
			files = (
				47DF756B16994A740054B51C /* QuartzCore.framework in Frameworks */,
				47DF7549169839990054B51C /* AudioToolbox.framework in Frameworks */,
				47E04BD11698095D0067A08B /* AVFoundation.framework in Frameworks */,
				47DFC6841692D5F7002856B8 /* UIKit.framework in Frameworks */,
				47DFC6861692D5F7002856B8 /* Foundation.framework in Frameworks */,
				47DFC6881692D5F7002856B8 /* CoreGraphics.framework in Frameworks */,
			);
			runOnlyForDeploymentPostprocessing = 0;
		};
/* End PBXFrameworksBuildPhase section */

/* Begin PBXGroup section */
		47D8976E16A297BE0012E99E /* About Voice */ = {
			isa = PBXGroup;
			children = (
				47D8976F16A297BE0012E99E /* HowBreathWorks.htm */,
				47D8977016A297BE0012E99E /* HowSpeechWorks.htm */,
				47D8977116A297BE0012E99E /* HowVoiceWorks.htm */,
				47D8977216A297BE0012E99E /* VoiceMatters.htm */,
			);
			name = "About Voice";
			path = "VoiceApp/html/About Voice";
			sourceTree = "<group>";
		};
		47D8977716A298190012E99E /* More... */ = {
			isa = PBXGroup;
			children = (
				4773FF4416BE9AC300D3F1EC /* Contact.htm */,
				47D89F1616A2AA130000367B /* ContactBeingInVoice.htm */,
				47D8977816A298190012E99E /* AboutBeingInVoice.htm */,
				47D8977916A298190012E99E /* AboutThisApp.htm */,
				47D8977A16A298190012E99E /* PrivacyPolicy.htm */,
			);
			name = More...;
			path = VoiceApp/html/More...;
			sourceTree = "<group>";
		};
		47DDB5EC169ED5EF000A9A2B /* beingeasy */ = {
			isa = PBXGroup;
			children = (
				47DDB5ED169ED5EF000A9A2B /* 03BeinginBodytext.htm */,
				47DDB5EE169ED5EF000A9A2B /* 04posturetext.htm */,
				47DDB5EF169ED5EF000A9A2B /* 05rollingspinetext.htm */,
			);
			path = beingeasy;
			sourceTree = "<group>";
		};
		47DF7561169850290054B51C /* images */ = {
			isa = PBXGroup;
			children = (
				47DF756A16994A730054B51C /* QuartzCore.framework */,
				47DB014716A19576004F2F58 /* bar-background.png */,
				47DB014816A19576004F2F58 /* bar-background@2x.png */,
				47D89F2416A2D4430000367B /* logo 360.jpg */,
				47DB014916A19576004F2F58 /* bar-highlight.png */,
				47DB014A16A19576004F2F58 /* bar-highlight@2x.png */,
				47DB014B16A19576004F2F58 /* Color Palette by Color Scheme Generator.html */,
				47DB014C16A19576004F2F58 /* colour palatte xml file.xml */,
				47DB014D16A19576004F2F58 /* handle-hover.png */,
				47DB014E16A19576004F2F58 /* handle-hover@2x.png */,
				47DB014F16A19576004F2F58 /* handle.png */,
				47D89F2616A2D6620000367B /* FlloydKennedy.jpg */,
				47DB015016A19576004F2F58 /* handle@2x.png */,
				47DDB5C7169ED434000A9A2B /* IMG_3404.JPG */,
				47DDB5C5169ED414000A9A2B /* logo 200 px.jpg */,
				47DF75511698501E0054B51C /* forward.png */,
				47DF75521698501E0054B51C /* pause.png */,
				47DF75531698501F0054B51C /* play.png */,
				47DF75541698501F0054B51C /* rewind.png */,
				47DF75551698501F0054B51C /* sound_meter_background.png */,
				47DF75561698501F0054B51C /* sound_meter_glare.png */,
				47DF75571698501F0054B51C /* volume_down.png */,
				47DF75581698501F0054B51C /* volume_up.png */,
			);
			name = images;
			sourceTree = "<group>";
		};
		47DFC6741692D5F7002856B8 = {
			isa = PBXGroup;
			children = (
				47DF7561169850290054B51C /* images */,
				47E04BA9169803620067A08B /* test.htm */,
				47E04BAD169806FA0067A08B /* audio */,
				47DFC6F21692F720002856B8 /* html */,
				47DFC6891692D5F7002856B8 /* VoiceApp */,
				47DFC6821692D5F7002856B8 /* Frameworks */,
				47DFC6801692D5F7002856B8 /* Products */,
			);
			sourceTree = "<group>";
		};
		47DFC6801692D5F7002856B8 /* Products */ = {
			isa = PBXGroup;
			children = (
				47DFC67F1692D5F7002856B8 /* VoiceApp.app */,
			);
			name = Products;
			sourceTree = "<group>";
		};
		47DFC6821692D5F7002856B8 /* Frameworks */ = {
			isa = PBXGroup;
			children = (
				47E04BD01698095D0067A08B /* AVFoundation.framework */,
				47DF7548169839990054B51C /* AudioToolbox.framework */,
				47DFC6831692D5F7002856B8 /* UIKit.framework */,
				47DFC6851692D5F7002856B8 /* Foundation.framework */,
				47DFC6871692D5F7002856B8 /* CoreGraphics.framework */,
			);
			name = Frameworks;
			sourceTree = "<group>";
		};
		47DFC6891692D5F7002856B8 /* VoiceApp */ = {
			isa = PBXGroup;
			children = (
				47DFC6921692D5F7002856B8 /* voiceAppDelegate.h */,
				47DFC6931692D5F7002856B8 /* voiceAppDelegate.m */,
				47DFC69B1692D5F7002856B8 /* MainStoryboard_iPhone.storyboard */,
				47DFC69E1692D5F7002856B8 /* MainStoryboard_iPad.storyboard */,
				47DFC6A11692D5F7002856B8 /* voiceMasterViewController.h */,
				47DFC6A21692D5F7002856B8 /* voiceMasterViewController.m */,
				47DFC6A41692D5F7002856B8 /* voiceDetailViewController.h */,
				47DFC6A51692D5F7002856B8 /* voiceDetailViewController.m */,
				47DFC68A1692D5F7002856B8 /* Supporting Files */,
				47DFC6AC1692E246002856B8 /* HtmlArticle.h */,
				47DFC6AD1692E246002856B8 /* HtmlArticle.m */,
				47DFC6B21692E4BF002856B8 /* voiceDataController.h */,
				47DFC6B31692E4BF002856B8 /* voiceDataController.m */,
				47DF7567169910F80054B51C /* UIAudioControl.h */,
				47DF7568169910F90054B51C /* UIAudioControl.m */,
			);
			path = VoiceApp;
			sourceTree = "<group>";
		};
		47DFC68A1692D5F7002856B8 /* Supporting Files */ = {
			isa = PBXGroup;
			children = (
				47DFC68B1692D5F7002856B8 /* VoiceApp-Info.plist */,
				47DFC68C1692D5F7002856B8 /* InfoPlist.strings */,
				47DFC68F1692D5F7002856B8 /* main.m */,
				47DFC6911692D5F7002856B8 /* VoiceApp-Prefix.pch */,
				47DFC6951692D5F7002856B8 /* Default.png */,
				47DFC6971692D5F7002856B8 /* Default@2x.png */,
				47DFC6991692D5F7002856B8 /* Default-568h@2x.png */,
			);
			name = "Supporting Files";
			sourceTree = "<group>";
		};
		47DFC6F21692F720002856B8 /* html */ = {
			isa = PBXGroup;
			children = (
				47D8977716A298190012E99E /* More... */,
				47D8976E16A297BE0012E99E /* About Voice */,
				47DB016016A1A768004F2F58 /* beinginvoice.css */,
				C85D68851696FBD600BFFB1E /* 01Welcome */,
				C85D68891696FBD600BFFB1E /* 02Preparation */,
				47E04B401697CF1B0067A08B /* 03The Warmups */,
			);
			name = html;
			sourceTree = "<group>";
		};
		47E04B401697CF1B0067A08B /* 03The Warmups */ = {
			isa = PBXGroup;
			children = (
				47E04B411697CF1B0067A08B /* 03WarmupBeginners */,
				47E04B4C1697CF1B0067A08B /* 04Warmupadvanced */,
			);
			name = "03The Warmups";
			path = "VoiceApp/html/03The Warmups";
			sourceTree = "<group>";
		};
		47E04B411697CF1B0067A08B /* 03WarmupBeginners */ = {
			isa = PBXGroup;
			children = (
				47E04B421697CF1B0067A08B /* Mini Vocal Warmup */,
			);
			path = 03WarmupBeginners;
			sourceTree = "<group>";
		};
		47E04B421697CF1B0067A08B /* Mini Vocal Warmup */ = {
			isa = PBXGroup;
			children = (
				47DC0D5116A258D0000A774B /* FastAscendingTrill.htm */,
				47DC0D5216A258D0000A774B /* FastAscendingTrilltext.htm */,
				47DC0D5316A258D0000A774B /* FastDescendingTrill.htm */,
				47DC0D5416A258D0000A774B /* HowToUseMVW.htm */,
				47DC0D5516A258D0000A774B /* Hum.htm */,
				47DC0D5616A258D0000A774B /* Humtext.htm */,
				47DC0D5716A258D0000A774B /* Sigh.htm */,
				47DC0D5816A258D0000A774B /* SighingAh.htm */,
				47DC0D5916A258D0000A774B /* VoicedAh.htm */,
				47DC0D5A16A258D0000A774B /* voicedahtext.htm */,
				47DC0D5B16A258D0000A774B /* MVWlesson.htm */,
				47DC0D5C16A258D0000A774B /* CompleteMVW.htm */,
			);
			path = "Mini Vocal Warmup";
			sourceTree = "<group>";
		};
		47E04B4C1697CF1B0067A08B /* 04Warmupadvanced */ = {
			isa = PBXGroup;
			children = (
				47D8975E16A292DD0012E99E /* VocalMaintenanceProgram.htm */,
				47D8976016A292FC0012E99E /* Resonance.htm */,
				47D8976416A2931E0012E99E /* Articulation.htm */,
				47D8976216A293120012E99E /* FinishWithFocus.htm */,
				47DDB615169ED689000A9A2B /* articulationtext.htm */,
				47DDB617169ED689000A9A2B /* finishwithfocustxt.htm */,
			);
			path = 04Warmupadvanced;
			sourceTree = "<group>";
		};
		47E04BAD169806FA0067A08B /* audio */ = {
			isa = PBXGroup;
			children = (
				4786500216D59FA400244826 /* Articulation.mp3 */,
				47D89F1E16A2CCAB0000367B /* BeforeYouMakeASound.mp3 */,
				47D89F2816A2DB890000367B /* BeingInBreath.mp3 */,
				47E04BB1169806FA0067A08B /* Breath.mp3 */,
				47D89F2216A2D16F0000367B /* BreathExercises.mp3 */,
				47E04BB2169806FA0067A08B /* CompleteMVW.mp3 */,
				4786500016D368DB00244826 /* FastAscendingTrill.mp3 */,
				4786500616D5D44700244826 /* FastDescendingTrill.mp3 */,
				47E04BB3169806FA0067A08B /* Hum.mp3 */,
				47D89F2016A2CEDE0000367B /* MoveEasy.mp3 */,
				47E04BB5169806FA0067A08B /* MVW.mp3 */,
				47F6EE5B16BA4323004F4E32 /* MVWlesson.mp3 */,
				4786500416D59FAF00244826 /* Resonance.mp3 */,
				47E04BB7169806FA0067A08B /* Sigh.mp3 */,
				47E04BB8169806FA0067A08B /* SighingAh.mp3 */,
				4786500816D5DAF100244826 /* StandEasy.mp3 */,
				47CC5F2416B0045100FF0DC8 /* VocalMaintenanceProgram.mp3 */,
				47E04BBC169806FA0067A08B /* Vocal Maintenance.mp3 */,
				47E04BBD169806FA0067A08B /* VoicedAh.mp3 */,
				47CC5F2116AE2EFF00FF0DC8 /* Welcome.mp3 */,
				47E04BBE169806FA0067A08B /* HowToUseMVW.mp3 */,
				47E04BB0169806FA0067A08B /* bibintro.mp3 */,
				47E04BB9169806FA0067A08B /* thats my idea.mp3 */,
				47E04BBA169806FA0067A08B /* TrillDown.mp3 */,
				47E04BBB169806FA0067A08B /* TrillUp.mp3 */,
			);
			name = audio;
			path = VoiceApp/audio;
			sourceTree = "<group>";
		};
		C85D68851696FBD600BFFB1E /* 01Welcome */ = {
			isa = PBXGroup;
			children = (
				47DDB5D7169ED53D000A9A2B /* WhatIsBeingInVoice.htm */,
				47DDB5D8169ED53D000A9A2B /* WhyWarmup.htm */,
			);
			name = 01Welcome;
			path = "VoiceApp/html/01 Welcome";
			sourceTree = "<group>";
		};
		C85D68891696FBD600BFFB1E /* 02Preparation */ = {
			isa = PBXGroup;
			children = (
				C85D688A1696FBD600BFFB1E /* Being in Body */,
				C85D688E1696FBD600BFFB1E /* Being in Breath */,
			);
			name = 02Preparation;
			path = VoiceApp/html/02Preparation;
			sourceTree = "<group>";
		};
		C85D688A1696FBD600BFFB1E /* Being in Body */ = {
			isa = PBXGroup;
			children = (
				47DB016216A1AAD6004F2F58 /* MoveEasy.htm */,
				47DB016316A1AAD6004F2F58 /* StandEasy.htm */,
				47DDB5EA169ED5C1000A9A2B /* BeforeYouMakeASound.htm */,
				47DDB5E4169ED5B1000A9A2B /* intro text.htm */,
				47DDB5EC169ED5EF000A9A2B /* beingeasy */,
			);
			path = "Being in Body";
			sourceTree = "<group>";
		};
		C85D688E1696FBD600BFFB1E /* Being in Breath */ = {
			isa = PBXGroup;
			children = (
				47DDB5F3169ED614000A9A2B /* Breath Exercises Text.htm */,
				47DDB5F4169ED614000A9A2B /* BeingInBreath.htm */,
				47DDB5F5169ED614000A9A2B /* BreathExercises.htm */,
			);
			path = "Being in Breath";
			sourceTree = "<group>";
		};
/* End PBXGroup section */

/* Begin PBXNativeTarget section */
		47DFC67E1692D5F7002856B8 /* VoiceApp */ = {
			isa = PBXNativeTarget;
			buildConfigurationList = 47DFC6A91692D5F7002856B8 /* Build configuration list for PBXNativeTarget "VoiceApp" */;
			buildPhases = (
				47DFC67B1692D5F7002856B8 /* Sources */,
				47DFC67C1692D5F7002856B8 /* Frameworks */,
				47DFC67D1692D5F7002856B8 /* Resources */,
			);
			buildRules = (
			);
			dependencies = (
			);
			name = VoiceApp;
			productName = VoiceApp;
			productReference = 47DFC67F1692D5F7002856B8 /* VoiceApp.app */;
			productType = "com.apple.product-type.application";
		};
/* End PBXNativeTarget section */

/* Begin PBXProject section */
		47DFC6761692D5F7002856B8 /* Project object */ = {
			isa = PBXProject;
			attributes = {
				CLASSPREFIX = voice;
				LastUpgradeCheck = 0450;
				ORGANIZATIONNAME = "Flloyd Pauline Kennedy";
			};
			buildConfigurationList = 47DFC6791692D5F7002856B8 /* Build configuration list for PBXProject "VoiceApp" */;
			compatibilityVersion = "Xcode 3.2";
			developmentRegion = English;
			hasScannedForEncodings = 0;
			knownRegions = (
				en,
			);
			mainGroup = 47DFC6741692D5F7002856B8;
			productRefGroup = 47DFC6801692D5F7002856B8 /* Products */;
			projectDirPath = "";
			projectRoot = "";
			targets = (
				47DFC67E1692D5F7002856B8 /* VoiceApp */,
			);
		};
/* End PBXProject section */

/* Begin PBXResourcesBuildPhase section */
		47DFC67D1692D5F7002856B8 /* Resources */ = {
			isa = PBXResourcesBuildPhase;
			buildActionMask = 2147483647;
			files = (
				47DFC68E1692D5F7002856B8 /* InfoPlist.strings in Resources */,
				47DFC6961692D5F7002856B8 /* Default.png in Resources */,
				47DFC6981692D5F7002856B8 /* Default@2x.png in Resources */,
				47DFC69A1692D5F7002856B8 /* Default-568h@2x.png in Resources */,
				47DFC69D1692D5F7002856B8 /* MainStoryboard_iPhone.storyboard in Resources */,
				47DFC6A01692D5F7002856B8 /* MainStoryboard_iPad.storyboard in Resources */,
				47E04BAA169803630067A08B /* test.htm in Resources */,
				47E04BC1169806FA0067A08B /* bibintro.mp3 in Resources */,
				47E04BC2169806FA0067A08B /* Breath.mp3 in Resources */,
				47E04BC3169806FA0067A08B /* CompleteMVW.mp3 in Resources */,
				47E04BC4169806FA0067A08B /* Hum.mp3 in Resources */,
				47E04BC6169806FA0067A08B /* MVW.mp3 in Resources */,
				47E04BC8169806FA0067A08B /* Sigh.mp3 in Resources */,
				47E04BC9169806FA0067A08B /* SighingAh.mp3 in Resources */,
				47E04BCA169806FA0067A08B /* thats my idea.mp3 in Resources */,
				47E04BCB169806FA0067A08B /* TrillDown.mp3 in Resources */,
				47E04BCC169806FA0067A08B /* TrillUp.mp3 in Resources */,
				47E04BCD169806FA0067A08B /* Vocal Maintenance.mp3 in Resources */,
				47E04BCE169806FA0067A08B /* VoicedAh.mp3 in Resources */,
				47E04BCF169806FA0067A08B /* HowToUseMVW.mp3 in Resources */,
				47DF75591698501F0054B51C /* forward.png in Resources */,
				47DF755A1698501F0054B51C /* pause.png in Resources */,
				47DF755B1698501F0054B51C /* play.png in Resources */,
				47DF755C1698501F0054B51C /* rewind.png in Resources */,
				47DF755D1698501F0054B51C /* sound_meter_background.png in Resources */,
				47DF755E1698501F0054B51C /* sound_meter_glare.png in Resources */,
				47DF755F1698501F0054B51C /* volume_down.png in Resources */,
				47DF75601698501F0054B51C /* volume_up.png in Resources */,
				47DDB5C6169ED414000A9A2B /* logo 200 px.jpg in Resources */,
				47DDB5C8169ED434000A9A2B /* IMG_3404.JPG in Resources */,
				47DDB5DA169ED53D000A9A2B /* WhatIsBeingInVoice.htm in Resources */,
				47DDB5DB169ED53D000A9A2B /* WhyWarmup.htm in Resources */,
				47DDB5E7169ED5B1000A9A2B /* intro text.htm in Resources */,
				47DDB5EB169ED5C1000A9A2B /* BeforeYouMakeASound.htm in Resources */,
				47DDB5F0169ED5EF000A9A2B /* 03BeinginBodytext.htm in Resources */,
				47DDB5F1169ED5EF000A9A2B /* 04posturetext.htm in Resources */,
				47DDB5F2169ED5EF000A9A2B /* 05rollingspinetext.htm in Resources */,
				47DDB5F6169ED614000A9A2B /* Breath Exercises Text.htm in Resources */,
				47DDB5F7169ED614000A9A2B /* BeingInBreath.htm in Resources */,
				47DDB5F8169ED614000A9A2B /* BreathExercises.htm in Resources */,
				47DDB61C169ED689000A9A2B /* articulationtext.htm in Resources */,
				47DDB61E169ED689000A9A2B /* finishwithfocustxt.htm in Resources */,
				47DB015216A19576004F2F58 /* bar-background.png in Resources */,
				47DB015316A19576004F2F58 /* bar-background@2x.png in Resources */,
				47DB015416A19576004F2F58 /* bar-highlight.png in Resources */,
				47DB015516A19576004F2F58 /* bar-highlight@2x.png in Resources */,
				47DB015616A19576004F2F58 /* Color Palette by Color Scheme Generator.html in Resources */,
				47DB015716A19576004F2F58 /* colour palatte xml file.xml in Resources */,
				47DB015816A19576004F2F58 /* handle-hover.png in Resources */,
				47DB015916A19576004F2F58 /* handle-hover@2x.png in Resources */,
				47DB015A16A19576004F2F58 /* handle.png in Resources */,
				47DB015B16A19576004F2F58 /* handle@2x.png in Resources */,
				47DB016116A1A768004F2F58 /* beinginvoice.css in Resources */,
				47DB016416A1AAD6004F2F58 /* MoveEasy.htm in Resources */,
				47DB016516A1AAD6004F2F58 /* StandEasy.htm in Resources */,
				47DC0D5D16A258D0000A774B /* FastAscendingTrill.htm in Resources */,
				47DC0D5E16A258D0000A774B /* FastAscendingTrilltext.htm in Resources */,
				47DC0D5F16A258D0000A774B /* FastDescendingTrill.htm in Resources */,
				47DC0D6016A258D0000A774B /* HowToUseMVW.htm in Resources */,
				47DC0D6116A258D0000A774B /* Hum.htm in Resources */,
				47DC0D6216A258D0000A774B /* Humtext.htm in Resources */,
				47DC0D6316A258D0000A774B /* Sigh.htm in Resources */,
				47DC0D6416A258D0000A774B /* SighingAh.htm in Resources */,
				47DC0D6516A258D0000A774B /* VoicedAh.htm in Resources */,
				47DC0D6616A258D0000A774B /* voicedahtext.htm in Resources */,
				47DC0D6716A258D0000A774B /* MVWlesson.htm in Resources */,
				47DC0D6816A258D0000A774B /* CompleteMVW.htm in Resources */,
				47D8975F16A292DD0012E99E /* VocalMaintenanceProgram.htm in Resources */,
				47D8976116A292FC0012E99E /* Resonance.htm in Resources */,
				47D8976316A293120012E99E /* FinishWithFocus.htm in Resources */,
				47D8976516A2931E0012E99E /* Articulation.htm in Resources */,
				47D8977316A297BE0012E99E /* HowBreathWorks.htm in Resources */,
				47D8977416A297BE0012E99E /* HowSpeechWorks.htm in Resources */,
				47D8977516A297BE0012E99E /* HowVoiceWorks.htm in Resources */,
				47D8977616A297BE0012E99E /* VoiceMatters.htm in Resources */,
				47D8977B16A298190012E99E /* AboutBeingInVoice.htm in Resources */,
				47D8977C16A298190012E99E /* AboutThisApp.htm in Resources */,
				47D8977D16A298190012E99E /* PrivacyPolicy.htm in Resources */,
				47D89F1716A2AA130000367B /* ContactBeingInVoice.htm in Resources */,
				47D89F1F16A2CCAB0000367B /* BeforeYouMakeASound.mp3 in Resources */,
				47D89F2116A2CEDE0000367B /* MoveEasy.mp3 in Resources */,
				47D89F2316A2D16F0000367B /* BreathExercises.mp3 in Resources */,
				47D89F2516A2D4430000367B /* logo 360.jpg in Resources */,
				47D89F2716A2D6620000367B /* FlloydKennedy.jpg in Resources */,
				47D89F2916A2DB890000367B /* BeingInBreath.mp3 in Resources */,
				47CC5F2216AE2EFF00FF0DC8 /* Welcome.mp3 in Resources */,
				47CC5F2516B0045100FF0DC8 /* VocalMaintenanceProgram.mp3 in Resources */,
				47F6EE5C16BA4323004F4E32 /* MVWlesson.mp3 in Resources */,
				4773FF4516BE9AC300D3F1EC /* Contact.htm in Resources */,
				4786500116D368DB00244826 /* FastAscendingTrill.mp3 in Resources */,
				4786500316D59FA500244826 /* Articulation.mp3 in Resources */,
				4786500516D59FAF00244826 /* Resonance.mp3 in Resources */,
				4786500716D5D44700244826 /* FastDescendingTrill.mp3 in Resources */,
				4786500916D5DAF200244826 /* StandEasy.mp3 in Resources */,
			);
			runOnlyForDeploymentPostprocessing = 0;
		};
/* End PBXResourcesBuildPhase section */

/* Begin PBXSourcesBuildPhase section */
		47DFC67B1692D5F7002856B8 /* Sources */ = {
			isa = PBXSourcesBuildPhase;
			buildActionMask = 2147483647;
			files = (
				47DFC6901692D5F7002856B8 /* main.m in Sources */,
				47DFC6941692D5F7002856B8 /* voiceAppDelegate.m in Sources */,
				47DFC6A31692D5F7002856B8 /* voiceMasterViewController.m in Sources */,
				47DFC6A61692D5F7002856B8 /* voiceDetailViewController.m in Sources */,
				47DFC6AE1692E246002856B8 /* HtmlArticle.m in Sources */,
				47DFC6B41692E4BF002856B8 /* voiceDataController.m in Sources */,
				47DF7569169910F90054B51C /* UIAudioControl.m in Sources */,
			);
			runOnlyForDeploymentPostprocessing = 0;
		};
/* End PBXSourcesBuildPhase section */

/* Begin PBXVariantGroup section */
		47DFC68C1692D5F7002856B8 /* InfoPlist.strings */ = {
			isa = PBXVariantGroup;
			children = (
				47DFC68D1692D5F7002856B8 /* en */,
			);
			name = InfoPlist.strings;
			sourceTree = "<group>";
		};
		47DFC69B1692D5F7002856B8 /* MainStoryboard_iPhone.storyboard */ = {
			isa = PBXVariantGroup;
			children = (
				47DFC69C1692D5F7002856B8 /* en */,
			);
			name = MainStoryboard_iPhone.storyboard;
			sourceTree = "<group>";
		};
		47DFC69E1692D5F7002856B8 /* MainStoryboard_iPad.storyboard */ = {
			isa = PBXVariantGroup;
			children = (
				47DFC69F1692D5F7002856B8 /* en */,
			);
			name = MainStoryboard_iPad.storyboard;
			sourceTree = "<group>";
		};
/* End PBXVariantGroup section */

/* Begin XCBuildConfiguration section */
		47DFC6A71692D5F7002856B8 /* Debug */ = {
			isa = XCBuildConfiguration;
			buildSettings = {
				ALWAYS_SEARCH_USER_PATHS = NO;
				CLANG_CXX_LANGUAGE_STANDARD = "gnu++0x";
				CLANG_CXX_LIBRARY = "libc++";
				CLANG_ENABLE_OBJC_ARC = YES;
				CLANG_WARN_EMPTY_BODY = YES;
				CLANG_WARN__DUPLICATE_METHOD_MATCH = YES;
				"CODE_SIGN_IDENTITY[sdk=iphoneos*]" = "iPhone Developer";
				COPY_PHASE_STRIP = NO;
				GCC_C_LANGUAGE_STANDARD = gnu99;
				GCC_DYNAMIC_NO_PIC = NO;
				GCC_OPTIMIZATION_LEVEL = 0;
				GCC_PREPROCESSOR_DEFINITIONS = (
					"DEBUG=1",
					"$(inherited)",
				);
				GCC_SYMBOLS_PRIVATE_EXTERN = NO;
				GCC_WARN_ABOUT_RETURN_TYPE = YES;
				GCC_WARN_UNINITIALIZED_AUTOS = YES;
				GCC_WARN_UNUSED_VARIABLE = YES;
				IPHONEOS_DEPLOYMENT_TARGET = 6.0;
				ONLY_ACTIVE_ARCH = YES;
				SDKROOT = iphoneos;
				TARGETED_DEVICE_FAMILY = "1,2";
			};
			name = Debug;
		};
		47DFC6A81692D5F7002856B8 /* Release */ = {
			isa = XCBuildConfiguration;
			buildSettings = {
				ALWAYS_SEARCH_USER_PATHS = NO;
				CLANG_CXX_LANGUAGE_STANDARD = "gnu++0x";
				CLANG_CXX_LIBRARY = "libc++";
				CLANG_ENABLE_OBJC_ARC = YES;
				CLANG_WARN_EMPTY_BODY = YES;
				CLANG_WARN__DUPLICATE_METHOD_MATCH = YES;
				"CODE_SIGN_IDENTITY[sdk=iphoneos*]" = "iPhone Developer";
				COPY_PHASE_STRIP = YES;
				GCC_C_LANGUAGE_STANDARD = gnu99;
				GCC_WARN_ABOUT_RETURN_TYPE = YES;
				GCC_WARN_UNINITIALIZED_AUTOS = YES;
				GCC_WARN_UNUSED_VARIABLE = YES;
				IPHONEOS_DEPLOYMENT_TARGET = 6.0;
				OTHER_CFLAGS = "-DNS_BLOCK_ASSERTIONS=1";
				SDKROOT = iphoneos;
				TARGETED_DEVICE_FAMILY = "1,2";
				VALIDATE_PRODUCT = YES;
			};
			name = Release;
		};
		47DFC6AA1692D5F7002856B8 /* Debug */ = {
			isa = XCBuildConfiguration;
			buildSettings = {
				GCC_PRECOMPILE_PREFIX_HEADER = YES;
				GCC_PREFIX_HEADER = "VoiceApp/VoiceApp-Prefix.pch";
				INFOPLIST_FILE = "VoiceApp/VoiceApp-Info.plist";
				IPHONEOS_DEPLOYMENT_TARGET = 5.0;
				PRODUCT_NAME = "$(TARGET_NAME)";
				WRAPPER_EXTENSION = app;
			};
			name = Debug;
		};
		47DFC6AB1692D5F7002856B8 /* Release */ = {
			isa = XCBuildConfiguration;
			buildSettings = {
				GCC_PRECOMPILE_PREFIX_HEADER = YES;
				GCC_PREFIX_HEADER = "VoiceApp/VoiceApp-Prefix.pch";
				INFOPLIST_FILE = "VoiceApp/VoiceApp-Info.plist";
				IPHONEOS_DEPLOYMENT_TARGET = 5.0;
				PRODUCT_NAME = "$(TARGET_NAME)";
				WRAPPER_EXTENSION = app;
			};
			name = Release;
		};
/* End XCBuildConfiguration section */

/* Begin XCConfigurationList section */
		47DFC6791692D5F7002856B8 /* Build configuration list for PBXProject "VoiceApp" */ = {
			isa = XCConfigurationList;
			buildConfigurations = (
				47DFC6A71692D5F7002856B8 /* Debug */,
				47DFC6A81692D5F7002856B8 /* Release */,
			);
			defaultConfigurationIsVisible = 0;
			defaultConfigurationName = Release;
		};
		47DFC6A91692D5F7002856B8 /* Build configuration list for PBXNativeTarget "VoiceApp" */ = {
			isa = XCConfigurationList;
			buildConfigurations = (
				47DFC6AA1692D5F7002856B8 /* Debug */,
				47DFC6AB1692D5F7002856B8 /* Release */,
			);
			defaultConfigurationIsVisible = 0;
			defaultConfigurationName = Release;
		};
/* End XCConfigurationList section */
	};
	rootObject = 47DFC6761692D5F7002856B8 /* Project object */;
}
